
Microsoft Visual Studio Solution File, Format Version 12.00
# Visual Studio Version 17
VisualStudioVersion = 17.7.34031.279
MinimumVisualStudioVersion = 10.0.40219.1
Project("{8BC9CEB8-8B4A-11D0-8D11-00A0C91BC942}") = "Bai001", "Bai001\Bai001.vcxproj", "{D3561E8E-0570-49A9-AE19-0C5CCB4AABA4}"
EndProject
Project("{8BC9CEB8-8B4A-11D0-8D11-00A0C91BC942}") = "Bai059", "Bai059\Bai059.vcxproj", "{61B7E987-E6F6-4B7F-9B2F-8F491BD946D6}"
EndProject
Project("{8BC9CEB8-8B4A-11D0-8D11-00A0C91BC942}") = "Bai060", "Bai060\Bai060.vcxproj", "{A21FDB5D-21B4-4D17-9AEF-DB9EE10F8F52}"
EndProject
Project("{8BC9CEB8-8B4A-11D0-8D11-00A0C91BC942}") = "Bai061", "Bai061\Bai061.vcxproj", "{2E8567B4-B69F-45BD-A407-93447594BCBB}"
EndProject
Project("{8BC9CEB8-8B4A-11D0-8D11-00A0C91BC942}") = "Bai062", "Bai062\Bai062.vcxproj", "{09B16423-298C-40EA-B670-CC922EE04552}"
EndProject
Project("{8BC9CEB8-8B4A-11D0-8D11-00A0C91BC942}") = "Bai063", "Bai063\Bai063.vcxproj", "{58691B59-D6B4-4970-872B-735EF5BDB3A7}"
EndProject
Project("{8BC9CEB8-8B4A-11D0-8D11-00A0C91BC942}") = "Bai064", "Bai064\Bai064.vcxproj", "{80AC4EDA-8E1B-4C60-A288-9F2AF0FC2101}"
EndProject
Project("{8BC9CEB8-8B4A-11D0-8D11-00A0C91BC942}") = "Bai065", "Bai065\Bai065.vcxproj", "{4150363C-1A3E-47CE-A2F8-733981F8A071}"
EndProject
Project("{8BC9CEB8-8B4A-11D0-8D11-00A0C91BC942}") = "Bai066", "Bai066\Bai066.vcxproj", "{BDB94AE7-1B9B-4749-B1AE-1E79AE5B8A98}"
EndProject
Project("{8BC9CEB8-8B4A-11D0-8D11-00A0C91BC942}") = "Bai067", "Bai067\Bai067.vcxproj", "{FF8D1D0C-3770-4296-A12E-36735DDB6B35}"
EndProject
Project("{8BC9CEB8-8B4A-11D0-8D11-00A0C91BC942}") = "Bai068", "Bai068\Bai068.vcxproj", "{754D8685-8F11-44EB-833A-C4FEE76C5879}"
EndProject
Project("{8BC9CEB8-8B4A-11D0-8D11-00A0C91BC942}") = "Bai070", "Bai070\Bai070.vcxproj", "{DDC59913-B1F2-4DBF-A330-5C970FCFB9AD}"
EndProject
Project("{8BC9CEB8-8B4A-11D0-8D11-00A0C91BC942}") = "Bai069", "Bai069\Bai069.vcxproj", "{F6795C94-80D5-4561-B087-E3C42C3CA9D2}"
EndProject
Project("{8BC9CEB8-8B4A-11D0-8D11-00A0C91BC942}") = "Bai071", "Bai071\Bai071.vcxproj", "{16B20A12-96FC-4372-8813-F00557DACC72}"
EndProject
Project("{8BC9CEB8-8B4A-11D0-8D11-00A0C91BC942}") = "Bai072", "Bai072\Bai072.vcxproj", "{229CBA61-E7FC-4694-8518-FB026179B18F}"
EndProject
Project("{8BC9CEB8-8B4A-11D0-8D11-00A0C91BC942}") = "Bai073", "Bai073\Bai073.vcxproj", "{E7C51901-3417-4FF0-AD4C-C10B4009F8A6}"
EndProject
Project("{8BC9CEB8-8B4A-11D0-8D11-00A0C91BC942}") = "Bai074", "Bai074\Bai074.vcxproj", "{F72D4502-5558-4ED5-9DCA-43E6402366DB}"
EndProject
Project("{8BC9CEB8-8B4A-11D0-8D11-00A0C91BC942}") = "Bai075", "Bai075\Bai075.vcxproj", "{8768A69B-1232-436E-A7B2-D57913AED268}"
EndProject
Project("{8BC9CEB8-8B4A-11D0-8D11-00A0C91BC942}") = "Bai076", "Bai076\Bai076.vcxproj", "{7CF0F629-6360-4DCD-85B4-CC892A2994EB}"
EndProject
Project("{8BC9CEB8-8B4A-11D0-8D11-00A0C91BC942}") = "Bai077", "Bai077\Bai077.vcxproj", "{DD5466AD-A865-408E-AD7E-1882863BF5F5}"
EndProject
Project("{8BC9CEB8-8B4A-11D0-8D11-00A0C91BC942}") = "Bai078", "Bai078\Bai078.vcxproj", "{A041FA65-94BE-4FBC-B05F-9621F6841730}"
EndProject
Project("{8BC9CEB8-8B4A-11D0-8D11-00A0C91BC942}") = "Bai079", "Bai079\Bai079.vcxproj", "{2B2D32B0-EF03-4299-9CC2-245557D897FF}"
EndProject
Project("{8BC9CEB8-8B4A-11D0-8D11-00A0C91BC942}") = "Bai080", "Bai080\Bai080.vcxproj", "{711E0904-56A4-4DB4-A44E-C9E3D4627C23}"
EndProject
Project("{8BC9CEB8-8B4A-11D0-8D11-00A0C91BC942}") = "Bai081", "Bai081\Bai081.vcxproj", "{2D1CACAF-F92C-4D70-B342-604C04E970EA}"
EndProject
Project("{8BC9CEB8-8B4A-11D0-8D11-00A0C91BC942}") = "Bai082", "Bai082\Bai082.vcxproj", "{1336967D-9282-4D53-987C-70B2706724FB}"
EndProject
Project("{8BC9CEB8-8B4A-11D0-8D11-00A0C91BC942}") = "Bai083", "Bai083\Bai083.vcxproj", "{A6C0D6DA-9CA9-451B-902A-C8D36CC8AE8C}"
EndProject
Project("{8BC9CEB8-8B4A-11D0-8D11-00A0C91BC942}") = "Bai084", "Bai084\Bai084.vcxproj", "{DD944DC9-1DAD-4F23-9B45-38865E43C9EE}"
EndProject
Project("{8BC9CEB8-8B4A-11D0-8D11-00A0C91BC942}") = "Bai085", "Bai085\Bai085.vcxproj", "{D5E0A45E-FC4B-42B4-868A-8BF653D5CF48}"
EndProject
Project("{8BC9CEB8-8B4A-11D0-8D11-00A0C91BC942}") = "Bai086", "Bai086\Bai086.vcxproj", "{63369144-815B-4B3B-BB42-BE212BD2814A}"
EndProject
Project("{8BC9CEB8-8B4A-11D0-8D11-00A0C91BC942}") = "Bai087", "Bai087\Bai087.vcxproj", "{16F82A36-AF52-4669-9DC8-1A902388BF21}"
EndProject
Global
	GlobalSection(SolutionConfigurationPlatforms) = preSolution
		Debug|x64 = Debug|x64
		Debug|x86 = Debug|x86
		Release|x64 = Release|x64
		Release|x86 = Release|x86
	EndGlobalSection
	GlobalSection(ProjectConfigurationPlatforms) = postSolution
		{D3561E8E-0570-49A9-AE19-0C5CCB4AABA4}.Debug|x64.ActiveCfg = Debug|x64
		{D3561E8E-0570-49A9-AE19-0C5CCB4AABA4}.Debug|x64.Build.0 = Debug|x64
		{D3561E8E-0570-49A9-AE19-0C5CCB4AABA4}.Debug|x86.ActiveCfg = Debug|Win32
		{D3561E8E-0570-49A9-AE19-0C5CCB4AABA4}.Debug|x86.Build.0 = Debug|Win32
		{D3561E8E-0570-49A9-AE19-0C5CCB4AABA4}.Release|x64.ActiveCfg = Release|x64
		{D3561E8E-0570-49A9-AE19-0C5CCB4AABA4}.Release|x64.Build.0 = Release|x64
		{D3561E8E-0570-49A9-AE19-0C5CCB4AABA4}.Release|x86.ActiveCfg = Release|Win32
		{D3561E8E-0570-49A9-AE19-0C5CCB4AABA4}.Release|x86.Build.0 = Release|Win32
		{61B7E987-E6F6-4B7F-9B2F-8F491BD946D6}.Debug|x64.ActiveCfg = Debug|x64
		{61B7E987-E6F6-4B7F-9B2F-8F491BD946D6}.Debug|x64.Build.0 = Debug|x64
		{61B7E987-E6F6-4B7F-9B2F-8F491BD946D6}.Debug|x86.ActiveCfg = Debug|Win32
		{61B7E987-E6F6-4B7F-9B2F-8F491BD946D6}.Debug|x86.Build.0 = Debug|Win32
		{61B7E987-E6F6-4B7F-9B2F-8F491BD946D6}.Release|x64.ActiveCfg = Release|x64
		{61B7E987-E6F6-4B7F-9B2F-8F491BD946D6}.Release|x64.Build.0 = Release|x64
		{61B7E987-E6F6-4B7F-9B2F-8F491BD946D6}.Release|x86.ActiveCfg = Release|Win32
		{61B7E987-E6F6-4B7F-9B2F-8F491BD946D6}.Release|x86.Build.0 = Release|Win32
		{A21FDB5D-21B4-4D17-9AEF-DB9EE10F8F52}.Debug|x64.ActiveCfg = Debug|x64
		{A21FDB5D-21B4-4D17-9AEF-DB9EE10F8F52}.Debug|x64.Build.0 = Debug|x64
		{A21FDB5D-21B4-4D17-9AEF-DB9EE10F8F52}.Debug|x86.ActiveCfg = Debug|Win32
		{A21FDB5D-21B4-4D17-9AEF-DB9EE10F8F52}.Debug|x86.Build.0 = Debug|Win32
		{A21FDB5D-21B4-4D17-9AEF-DB9EE10F8F52}.Release|x64.ActiveCfg = Release|x64
		{A21FDB5D-21B4-4D17-9AEF-DB9EE10F8F52}.Release|x64.Build.0 = Release|x64
		{A21FDB5D-21B4-4D17-9AEF-DB9EE10F8F52}.Release|x86.ActiveCfg = Release|Win32
		{A21FDB5D-21B4-4D17-9AEF-DB9EE10F8F52}.Release|x86.Build.0 = Release|Win32
		{2E8567B4-B69F-45BD-A407-93447594BCBB}.Debug|x64.ActiveCfg = Debug|x64
		{2E8567B4-B69F-45BD-A407-93447594BCBB}.Debug|x64.Build.0 = Debug|x64
		{2E8567B4-B69F-45BD-A407-93447594BCBB}.Debug|x86.ActiveCfg = Debug|Win32
		{2E8567B4-B69F-45BD-A407-93447594BCBB}.Debug|x86.Build.0 = Debug|Win32
		{2E8567B4-B69F-45BD-A407-93447594BCBB}.Release|x64.ActiveCfg = Release|x64
		{2E8567B4-B69F-45BD-A407-93447594BCBB}.Release|x64.Build.0 = Release|x64
		{2E8567B4-B69F-45BD-A407-93447594BCBB}.Release|x86.ActiveCfg = Release|Win32
		{2E8567B4-B69F-45BD-A407-93447594BCBB}.Release|x86.Build.0 = Release|Win32
		{09B16423-298C-40EA-B670-CC922EE04552}.Debug|x64.ActiveCfg = Debug|x64
		{09B16423-298C-40EA-B670-CC922EE04552}.Debug|x64.Build.0 = Debug|x64
		{09B16423-298C-40EA-B670-CC922EE04552}.Debug|x86.ActiveCfg = Debug|Win32
		{09B16423-298C-40EA-B670-CC922EE04552}.Debug|x86.Build.0 = Debug|Win32
		{09B16423-298C-40EA-B670-CC922EE04552}.Release|x64.ActiveCfg = Release|x64
		{09B16423-298C-40EA-B670-CC922EE04552}.Release|x64.Build.0 = Release|x64
		{09B16423-298C-40EA-B670-CC922EE04552}.Release|x86.ActiveCfg = Release|Win32
		{09B16423-298C-40EA-B670-CC922EE04552}.Release|x86.Build.0 = Release|Win32
		{58691B59-D6B4-4970-872B-735EF5BDB3A7}.Debug|x64.ActiveCfg = Debug|x64
		{58691B59-D6B4-4970-872B-735EF5BDB3A7}.Debug|x64.Build.0 = Debug|x64
		{58691B59-D6B4-4970-872B-735EF5BDB3A7}.Debug|x86.ActiveCfg = Debug|Win32
		{58691B59-D6B4-4970-872B-735EF5BDB3A7}.Debug|x86.Build.0 = Debug|Win32
		{58691B59-D6B4-4970-872B-735EF5BDB3A7}.Release|x64.ActiveCfg = Release|x64
		{58691B59-D6B4-4970-872B-735EF5BDB3A7}.Release|x64.Build.0 = Release|x64
		{58691B59-D6B4-4970-872B-735EF5BDB3A7}.Release|x86.ActiveCfg = Release|Win32
		{58691B59-D6B4-4970-872B-735EF5BDB3A7}.Release|x86.Build.0 = Release|Win32
		{80AC4EDA-8E1B-4C60-A288-9F2AF0FC2101}.Debug|x64.ActiveCfg = Debug|x64
		{80AC4EDA-8E1B-4C60-A288-9F2AF0FC2101}.Debug|x64.Build.0 = Debug|x64
		{80AC4EDA-8E1B-4C60-A288-9F2AF0FC2101}.Debug|x86.ActiveCfg = Debug|Win32
		{80AC4EDA-8E1B-4C60-A288-9F2AF0FC2101}.Debug|x86.Build.0 = Debug|Win32
		{80AC4EDA-8E1B-4C60-A288-9F2AF0FC2101}.Release|x64.ActiveCfg = Release|x64
		{80AC4EDA-8E1B-4C60-A288-9F2AF0FC2101}.Release|x64.Build.0 = Release|x64
		{80AC4EDA-8E1B-4C60-A288-9F2AF0FC2101}.Release|x86.ActiveCfg = Release|Win32
		{80AC4EDA-8E1B-4C60-A288-9F2AF0FC2101}.Release|x86.Build.0 = Release|Win32
		{4150363C-1A3E-47CE-A2F8-733981F8A071}.Debug|x64.ActiveCfg = Debug|x64
		{4150363C-1A3E-47CE-A2F8-733981F8A071}.Debug|x64.Build.0 = Debug|x64
		{4150363C-1A3E-47CE-A2F8-733981F8A071}.Debug|x86.ActiveCfg = Debug|Win32
		{4150363C-1A3E-47CE-A2F8-733981F8A071}.Debug|x86.Build.0 = Debug|Win32
		{4150363C-1A3E-47CE-A2F8-733981F8A071}.Release|x64.ActiveCfg = Release|x64
		{4150363C-1A3E-47CE-A2F8-733981F8A071}.Release|x64.Build.0 = Release|x64
		{4150363C-1A3E-47CE-A2F8-733981F8A071}.Release|x86.ActiveCfg = Release|Win32
		{4150363C-1A3E-47CE-A2F8-733981F8A071}.Release|x86.Build.0 = Release|Win32
		{BDB94AE7-1B9B-4749-B1AE-1E79AE5B8A98}.Debug|x64.ActiveCfg = Debug|x64
		{BDB94AE7-1B9B-4749-B1AE-1E79AE5B8A98}.Debug|x64.Build.0 = Debug|x64
		{BDB94AE7-1B9B-4749-B1AE-1E79AE5B8A98}.Debug|x86.ActiveCfg = Debug|Win32
		{BDB94AE7-1B9B-4749-B1AE-1E79AE5B8A98}.Debug|x86.Build.0 = Debug|Win32
		{BDB94AE7-1B9B-4749-B1AE-1E79AE5B8A98}.Release|x64.ActiveCfg = Release|x64
		{BDB94AE7-1B9B-4749-B1AE-1E79AE5B8A98}.Release|x64.Build.0 = Release|x64
		{BDB94AE7-1B9B-4749-B1AE-1E79AE5B8A98}.Release|x86.ActiveCfg = Release|Win32
		{BDB94AE7-1B9B-4749-B1AE-1E79AE5B8A98}.Release|x86.Build.0 = Release|Win32
		{FF8D1D0C-3770-4296-A12E-36735DDB6B35}.Debug|x64.ActiveCfg = Debug|x64
		{FF8D1D0C-3770-4296-A12E-36735DDB6B35}.Debug|x64.Build.0 = Debug|x64
		{FF8D1D0C-3770-4296-A12E-36735DDB6B35}.Debug|x86.ActiveCfg = Debug|Win32
		{FF8D1D0C-3770-4296-A12E-36735DDB6B35}.Debug|x86.Build.0 = Debug|Win32
		{FF8D1D0C-3770-4296-A12E-36735DDB6B35}.Release|x64.ActiveCfg = Release|x64
		{FF8D1D0C-3770-4296-A12E-36735DDB6B35}.Release|x64.Build.0 = Release|x64
		{FF8D1D0C-3770-4296-A12E-36735DDB6B35}.Release|x86.ActiveCfg = Release|Win32
		{FF8D1D0C-3770-4296-A12E-36735DDB6B35}.Release|x86.Build.0 = Release|Win32
		{754D8685-8F11-44EB-833A-C4FEE76C5879}.Debug|x64.ActiveCfg = Debug|x64
		{754D8685-8F11-44EB-833A-C4FEE76C5879}.Debug|x64.Build.0 = Debug|x64
		{754D8685-8F11-44EB-833A-C4FEE76C5879}.Debug|x86.ActiveCfg = Debug|Win32
		{754D8685-8F11-44EB-833A-C4FEE76C5879}.Debug|x86.Build.0 = Debug|Win32
		{754D8685-8F11-44EB-833A-C4FEE76C5879}.Release|x64.ActiveCfg = Release|x64
		{754D8685-8F11-44EB-833A-C4FEE76C5879}.Release|x64.Build.0 = Release|x64
		{754D8685-8F11-44EB-833A-C4FEE76C5879}.Release|x86.ActiveCfg = Release|Win32
		{754D8685-8F11-44EB-833A-C4FEE76C5879}.Release|x86.Build.0 = Release|Win32
		{DDC59913-B1F2-4DBF-A330-5C970FCFB9AD}.Debug|x64.ActiveCfg = Debug|x64
		{DDC59913-B1F2-4DBF-A330-5C970FCFB9AD}.Debug|x64.Build.0 = Debug|x64
		{DDC59913-B1F2-4DBF-A330-5C970FCFB9AD}.Debug|x86.ActiveCfg = Debug|Win32
		{DDC59913-B1F2-4DBF-A330-5C970FCFB9AD}.Debug|x86.Build.0 = Debug|Win32
		{DDC59913-B1F2-4DBF-A330-5C970FCFB9AD}.Release|x64.ActiveCfg = Release|x64
		{DDC59913-B1F2-4DBF-A330-5C970FCFB9AD}.Release|x64.Build.0 = Release|x64
		{DDC59913-B1F2-4DBF-A330-5C970FCFB9AD}.Release|x86.ActiveCfg = Release|Win32
		{DDC59913-B1F2-4DBF-A330-5C970FCFB9AD}.Release|x86.Build.0 = Release|Win32
		{F6795C94-80D5-4561-B087-E3C42C3CA9D2}.Debug|x64.ActiveCfg = Debug|x64
		{F6795C94-80D5-4561-B087-E3C42C3CA9D2}.Debug|x64.Build.0 = Debug|x64
		{F6795C94-80D5-4561-B087-E3C42C3CA9D2}.Debug|x86.ActiveCfg = Debug|Win32
		{F6795C94-80D5-4561-B087-E3C42C3CA9D2}.Debug|x86.Build.0 = Debug|Win32
		{F6795C94-80D5-4561-B087-E3C42C3CA9D2}.Release|x64.ActiveCfg = Release|x64
		{F6795C94-80D5-4561-B087-E3C42C3CA9D2}.Release|x64.Build.0 = Release|x64
		{F6795C94-80D5-4561-B087-E3C42C3CA9D2}.Release|x86.ActiveCfg = Release|Win32
		{F6795C94-80D5-4561-B087-E3C42C3CA9D2}.Release|x86.Build.0 = Release|Win32
		{16B20A12-96FC-4372-8813-F00557DACC72}.Debug|x64.ActiveCfg = Debug|x64
		{16B20A12-96FC-4372-8813-F00557DACC72}.Debug|x64.Build.0 = Debug|x64
		{16B20A12-96FC-4372-8813-F00557DACC72}.Debug|x86.ActiveCfg = Debug|Win32
		{16B20A12-96FC-4372-8813-F00557DACC72}.Debug|x86.Build.0 = Debug|Win32
		{16B20A12-96FC-4372-8813-F00557DACC72}.Release|x64.ActiveCfg = Release|x64
		{16B20A12-96FC-4372-8813-F00557DACC72}.Release|x64.Build.0 = Release|x64
		{16B20A12-96FC-4372-8813-F00557DACC72}.Release|x86.ActiveCfg = Release|Win32
		{16B20A12-96FC-4372-8813-F00557DACC72}.Release|x86.Build.0 = Release|Win32
		{229CBA61-E7FC-4694-8518-FB026179B18F}.Debug|x64.ActiveCfg = Debug|x64
		{229CBA61-E7FC-4694-8518-FB026179B18F}.Debug|x64.Build.0 = Debug|x64
		{229CBA61-E7FC-4694-8518-FB026179B18F}.Debug|x86.ActiveCfg = Debug|Win32
		{229CBA61-E7FC-4694-8518-FB026179B18F}.Debug|x86.Build.0 = Debug|Win32
		{229CBA61-E7FC-4694-8518-FB026179B18F}.Release|x64.ActiveCfg = Release|x64
		{229CBA61-E7FC-4694-8518-FB026179B18F}.Release|x64.Build.0 = Release|x64
		{229CBA61-E7FC-4694-8518-FB026179B18F}.Release|x86.ActiveCfg = Release|Win32
		{229CBA61-E7FC-4694-8518-FB026179B18F}.Release|x86.Build.0 = Release|Win32
		{E7C51901-3417-4FF0-AD4C-C10B4009F8A6}.Debug|x64.ActiveCfg = Debug|x64
		{E7C51901-3417-4FF0-AD4C-C10B4009F8A6}.Debug|x64.Build.0 = Debug|x64
		{E7C51901-3417-4FF0-AD4C-C10B4009F8A6}.Debug|x86.ActiveCfg = Debug|Win32
		{E7C51901-3417-4FF0-AD4C-C10B4009F8A6}.Debug|x86.Build.0 = Debug|Win32
		{E7C51901-3417-4FF0-AD4C-C10B4009F8A6}.Release|x64.ActiveCfg = Release|x64
		{E7C51901-3417-4FF0-AD4C-C10B4009F8A6}.Release|x64.Build.0 = Release|x64
		{E7C51901-3417-4FF0-AD4C-C10B4009F8A6}.Release|x86.ActiveCfg = Release|Win32
		{E7C51901-3417-4FF0-AD4C-C10B4009F8A6}.Release|x86.Build.0 = Release|Win32
		{F72D4502-5558-4ED5-9DCA-43E6402366DB}.Debug|x64.ActiveCfg = Debug|x64
		{F72D4502-5558-4ED5-9DCA-43E6402366DB}.Debug|x64.Build.0 = Debug|x64
		{F72D4502-5558-4ED5-9DCA-43E6402366DB}.Debug|x86.ActiveCfg = Debug|Win32
		{F72D4502-5558-4ED5-9DCA-43E6402366DB}.Debug|x86.Build.0 = Debug|Win32
		{F72D4502-5558-4ED5-9DCA-43E6402366DB}.Release|x64.ActiveCfg = Release|x64
		{F72D4502-5558-4ED5-9DCA-43E6402366DB}.Release|x64.Build.0 = Release|x64
		{F72D4502-5558-4ED5-9DCA-43E6402366DB}.Release|x86.ActiveCfg = Release|Win32
		{F72D4502-5558-4ED5-9DCA-43E6402366DB}.Release|x86.Build.0 = Release|Win32
		{8768A69B-1232-436E-A7B2-D57913AED268}.Debug|x64.ActiveCfg = Debug|x64
		{8768A69B-1232-436E-A7B2-D57913AED268}.Debug|x64.Build.0 = Debug|x64
		{8768A69B-1232-436E-A7B2-D57913AED268}.Debug|x86.ActiveCfg = Debug|Win32
		{8768A69B-1232-436E-A7B2-D57913AED268}.Debug|x86.Build.0 = Debug|Win32
		{8768A69B-1232-436E-A7B2-D57913AED268}.Release|x64.ActiveCfg = Release|x64
		{8768A69B-1232-436E-A7B2-D57913AED268}.Release|x64.Build.0 = Release|x64
		{8768A69B-1232-436E-A7B2-D57913AED268}.Release|x86.ActiveCfg = Release|Win32
		{8768A69B-1232-436E-A7B2-D57913AED268}.Release|x86.Build.0 = Release|Win32
		{7CF0F629-6360-4DCD-85B4-CC892A2994EB}.Debug|x64.ActiveCfg = Debug|x64
		{7CF0F629-6360-4DCD-85B4-CC892A2994EB}.Debug|x64.Build.0 = Debug|x64
		{7CF0F629-6360-4DCD-85B4-CC892A2994EB}.Debug|x86.ActiveCfg = Debug|Win32
		{7CF0F629-6360-4DCD-85B4-CC892A2994EB}.Debug|x86.Build.0 = Debug|Win32
		{7CF0F629-6360-4DCD-85B4-CC892A2994EB}.Release|x64.ActiveCfg = Release|x64
		{7CF0F629-6360-4DCD-85B4-CC892A2994EB}.Release|x64.Build.0 = Release|x64
		{7CF0F629-6360-4DCD-85B4-CC892A2994EB}.Release|x86.ActiveCfg = Release|Win32
		{7CF0F629-6360-4DCD-85B4-CC892A2994EB}.Release|x86.Build.0 = Release|Win32
		{DD5466AD-A865-408E-AD7E-1882863BF5F5}.Debug|x64.ActiveCfg = Debug|x64
		{DD5466AD-A865-408E-AD7E-1882863BF5F5}.Debug|x64.Build.0 = Debug|x64
		{DD5466AD-A865-408E-AD7E-1882863BF5F5}.Debug|x86.ActiveCfg = Debug|Win32
		{DD5466AD-A865-408E-AD7E-1882863BF5F5}.Debug|x86.Build.0 = Debug|Win32
		{DD5466AD-A865-408E-AD7E-1882863BF5F5}.Release|x64.ActiveCfg = Release|x64
		{DD5466AD-A865-408E-AD7E-1882863BF5F5}.Release|x64.Build.0 = Release|x64
		{DD5466AD-A865-408E-AD7E-1882863BF5F5}.Release|x86.ActiveCfg = Release|Win32
		{DD5466AD-A865-408E-AD7E-1882863BF5F5}.Release|x86.Build.0 = Release|Win32
		{A041FA65-94BE-4FBC-B05F-9621F6841730}.Debug|x64.ActiveCfg = Debug|x64
		{A041FA65-94BE-4FBC-B05F-9621F6841730}.Debug|x64.Build.0 = Debug|x64
		{A041FA65-94BE-4FBC-B05F-9621F6841730}.Debug|x86.ActiveCfg = Debug|Win32
		{A041FA65-94BE-4FBC-B05F-9621F6841730}.Debug|x86.Build.0 = Debug|Win32
		{A041FA65-94BE-4FBC-B05F-9621F6841730}.Release|x64.ActiveCfg = Release|x64
		{A041FA65-94BE-4FBC-B05F-9621F6841730}.Release|x64.Build.0 = Release|x64
		{A041FA65-94BE-4FBC-B05F-9621F6841730}.Release|x86.ActiveCfg = Release|Win32
		{A041FA65-94BE-4FBC-B05F-9621F6841730}.Release|x86.Build.0 = Release|Win32
		{2B2D32B0-EF03-4299-9CC2-245557D897FF}.Debug|x64.ActiveCfg = Debug|x64
		{2B2D32B0-EF03-4299-9CC2-245557D897FF}.Debug|x64.Build.0 = Debug|x64
		{2B2D32B0-EF03-4299-9CC2-245557D897FF}.Debug|x86.ActiveCfg = Debug|Win32
		{2B2D32B0-EF03-4299-9CC2-245557D897FF}.Debug|x86.Build.0 = Debug|Win32
		{2B2D32B0-EF03-4299-9CC2-245557D897FF}.Release|x64.ActiveCfg = Release|x64
		{2B2D32B0-EF03-4299-9CC2-245557D897FF}.Release|x64.Build.0 = Release|x64
		{2B2D32B0-EF03-4299-9CC2-245557D897FF}.Release|x86.ActiveCfg = Release|Win32
		{2B2D32B0-EF03-4299-9CC2-245557D897FF}.Release|x86.Build.0 = Release|Win32
		{711E0904-56A4-4DB4-A44E-C9E3D4627C23}.Debug|x64.ActiveCfg = Debug|x64
		{711E0904-56A4-4DB4-A44E-C9E3D4627C23}.Debug|x64.Build.0 = Debug|x64
		{711E0904-56A4-4DB4-A44E-C9E3D4627C23}.Debug|x86.ActiveCfg = Debug|Win32
		{711E0904-56A4-4DB4-A44E-C9E3D4627C23}.Debug|x86.Build.0 = Debug|Win32
		{711E0904-56A4-4DB4-A44E-C9E3D4627C23}.Release|x64.ActiveCfg = Release|x64
		{711E0904-56A4-4DB4-A44E-C9E3D4627C23}.Release|x64.Build.0 = Release|x64
		{711E0904-56A4-4DB4-A44E-C9E3D4627C23}.Release|x86.ActiveCfg = Release|Win32
		{711E0904-56A4-4DB4-A44E-C9E3D4627C23}.Release|x86.Build.0 = Release|Win32
		{2D1CACAF-F92C-4D70-B342-604C04E970EA}.Debug|x64.ActiveCfg = Debug|x64
		{2D1CACAF-F92C-4D70-B342-604C04E970EA}.Debug|x64.Build.0 = Debug|x64
		{2D1CACAF-F92C-4D70-B342-604C04E970EA}.Debug|x86.ActiveCfg = Debug|Win32
		{2D1CACAF-F92C-4D70-B342-604C04E970EA}.Debug|x86.Build.0 = Debug|Win32
		{2D1CACAF-F92C-4D70-B342-604C04E970EA}.Release|x64.ActiveCfg = Release|x64
		{2D1CACAF-F92C-4D70-B342-604C04E970EA}.Release|x64.Build.0 = Release|x64
		{2D1CACAF-F92C-4D70-B342-604C04E970EA}.Release|x86.ActiveCfg = Release|Win32
		{2D1CACAF-F92C-4D70-B342-604C04E970EA}.Release|x86.Build.0 = Release|Win32
		{1336967D-9282-4D53-987C-70B2706724FB}.Debug|x64.ActiveCfg = Debug|x64
		{1336967D-9282-4D53-987C-70B2706724FB}.Debug|x64.Build.0 = Debug|x64
		{1336967D-9282-4D53-987C-70B2706724FB}.Debug|x86.ActiveCfg = Debug|Win32
		{1336967D-9282-4D53-987C-70B2706724FB}.Debug|x86.Build.0 = Debug|Win32
		{1336967D-9282-4D53-987C-70B2706724FB}.Release|x64.ActiveCfg = Release|x64
		{1336967D-9282-4D53-987C-70B2706724FB}.Release|x64.Build.0 = Release|x64
		{1336967D-9282-4D53-987C-70B2706724FB}.Release|x86.ActiveCfg = Release|Win32
		{1336967D-9282-4D53-987C-70B2706724FB}.Release|x86.Build.0 = Release|Win32
		{A6C0D6DA-9CA9-451B-902A-C8D36CC8AE8C}.Debug|x64.ActiveCfg = Debug|x64
		{A6C0D6DA-9CA9-451B-902A-C8D36CC8AE8C}.Debug|x64.Build.0 = Debug|x64
		{A6C0D6DA-9CA9-451B-902A-C8D36CC8AE8C}.Debug|x86.ActiveCfg = Debug|Win32
		{A6C0D6DA-9CA9-451B-902A-C8D36CC8AE8C}.Debug|x86.Build.0 = Debug|Win32
		{A6C0D6DA-9CA9-451B-902A-C8D36CC8AE8C}.Release|x64.ActiveCfg = Release|x64
		{A6C0D6DA-9CA9-451B-902A-C8D36CC8AE8C}.Release|x64.Build.0 = Release|x64
		{A6C0D6DA-9CA9-451B-902A-C8D36CC8AE8C}.Release|x86.ActiveCfg = Release|Win32
		{A6C0D6DA-9CA9-451B-902A-C8D36CC8AE8C}.Release|x86.Build.0 = Release|Win32
		{DD944DC9-1DAD-4F23-9B45-38865E43C9EE}.Debug|x64.ActiveCfg = Debug|x64
		{DD944DC9-1DAD-4F23-9B45-38865E43C9EE}.Debug|x64.Build.0 = Debug|x64
		{DD944DC9-1DAD-4F23-9B45-38865E43C9EE}.Debug|x86.ActiveCfg = Debug|Win32
		{DD944DC9-1DAD-4F23-9B45-38865E43C9EE}.Debug|x86.Build.0 = Debug|Win32
		{DD944DC9-1DAD-4F23-9B45-38865E43C9EE}.Release|x64.ActiveCfg = Release|x64
		{DD944DC9-1DAD-4F23-9B45-38865E43C9EE}.Release|x64.Build.0 = Release|x64
		{DD944DC9-1DAD-4F23-9B45-38865E43C9EE}.Release|x86.ActiveCfg = Release|Win32
		{DD944DC9-1DAD-4F23-9B45-38865E43C9EE}.Release|x86.Build.0 = Release|Win32
		{D5E0A45E-FC4B-42B4-868A-8BF653D5CF48}.Debug|x64.ActiveCfg = Debug|x64
		{D5E0A45E-FC4B-42B4-868A-8BF653D5CF48}.Debug|x64.Build.0 = Debug|x64
		{D5E0A45E-FC4B-42B4-868A-8BF653D5CF48}.Debug|x86.ActiveCfg = Debug|Win32
		{D5E0A45E-FC4B-42B4-868A-8BF653D5CF48}.Debug|x86.Build.0 = Debug|Win32
		{D5E0A45E-FC4B-42B4-868A-8BF653D5CF48}.Release|x64.ActiveCfg = Release|x64
		{D5E0A45E-FC4B-42B4-868A-8BF653D5CF48}.Release|x64.Build.0 = Release|x64
		{D5E0A45E-FC4B-42B4-868A-8BF653D5CF48}.Release|x86.ActiveCfg = Release|Win32
		{D5E0A45E-FC4B-42B4-868A-8BF653D5CF48}.Release|x86.Build.0 = Release|Win32
		{63369144-815B-4B3B-BB42-BE212BD2814A}.Debug|x64.ActiveCfg = Debug|x64
		{63369144-815B-4B3B-BB42-BE212BD2814A}.Debug|x64.Build.0 = Debug|x64
		{63369144-815B-4B3B-BB42-BE212BD2814A}.Debug|x86.ActiveCfg = Debug|Win32
		{63369144-815B-4B3B-BB42-BE212BD2814A}.Debug|x86.Build.0 = Debug|Win32
		{63369144-815B-4B3B-BB42-BE212BD2814A}.Release|x64.ActiveCfg = Release|x64
		{63369144-815B-4B3B-BB42-BE212BD2814A}.Release|x64.Build.0 = Release|x64
		{63369144-815B-4B3B-BB42-BE212BD2814A}.Release|x86.ActiveCfg = Release|Win32
		{63369144-815B-4B3B-BB42-BE212BD2814A}.Release|x86.Build.0 = Release|Win32
		{16F82A36-AF52-4669-9DC8-1A902388BF21}.Debug|x64.ActiveCfg = Debug|x64
		{16F82A36-AF52-4669-9DC8-1A902388BF21}.Debug|x64.Build.0 = Debug|x64
		{16F82A36-AF52-4669-9DC8-1A902388BF21}.Debug|x86.ActiveCfg = Debug|Win32
		{16F82A36-AF52-4669-9DC8-1A902388BF21}.Debug|x86.Build.0 = Debug|Win32
		{16F82A36-AF52-4669-9DC8-1A902388BF21}.Release|x64.ActiveCfg = Release|x64
		{16F82A36-AF52-4669-9DC8-1A902388BF21}.Release|x64.Build.0 = Release|x64
		{16F82A36-AF52-4669-9DC8-1A902388BF21}.Release|x86.ActiveCfg = Release|Win32
		{16F82A36-AF52-4669-9DC8-1A902388BF21}.Release|x86.Build.0 = Release|Win32
	EndGlobalSection
	GlobalSection(SolutionProperties) = preSolution
		HideSolutionNode = FALSE
	EndGlobalSection
	GlobalSection(ExtensibilityGlobals) = postSolution
		SolutionGuid = {1BC52E76-B971-4A7E-9914-DECC21B68C38}
	EndGlobalSection
EndGlobal
