
Microsoft Visual Studio Solution File, Format Version 12.00
# Visual Studio Version 17
VisualStudioVersion = 17.7.34031.279
MinimumVisualStudioVersion = 10.0.40219.1
Project("{8BC9CEB8-8B4A-11D0-8D11-00A0C91BC942}") = "Bai001", "Bai001\Bai001.vcxproj", "{D3561E8E-0570-49A9-AE19-0C5CCB4AABA4}"
EndProject
Project("{8BC9CEB8-8B4A-11D0-8D11-00A0C91BC942}") = "Bai030", "Bai030\Bai030.vcxproj", "{45C9B6C5-7948-487B-906D-EFA724116A52}"
EndProject
Project("{8BC9CEB8-8B4A-11D0-8D11-00A0C91BC942}") = "Bai031", "Bai031\Bai031.vcxproj", "{C744F813-8FF9-4753-90FD-383DEB96564E}"
EndProject
Project("{8BC9CEB8-8B4A-11D0-8D11-00A0C91BC942}") = "Bai032", "Bai032\Bai032.vcxproj", "{BE4881CB-EB8B-4522-8F26-3724C2A27877}"
EndProject
Project("{8BC9CEB8-8B4A-11D0-8D11-00A0C91BC942}") = "Bai033", "Bai033\Bai033.vcxproj", "{A6E029B4-11CC-465E-A8F0-8215557F2CFD}"
EndProject
Project("{8BC9CEB8-8B4A-11D0-8D11-00A0C91BC942}") = "Bai034", "Bai034\Bai034.vcxproj", "{C0FE087A-7BFC-4B9B-936D-CEA98616212B}"
EndProject
Project("{8BC9CEB8-8B4A-11D0-8D11-00A0C91BC942}") = "Bai035", "Bai035\Bai035.vcxproj", "{15A5A32E-1B18-4EC7-9454-BE2BC6ACDBB8}"
EndProject
Project("{8BC9CEB8-8B4A-11D0-8D11-00A0C91BC942}") = "Bai036", "Bai036\Bai036.vcxproj", "{44CEA4F6-139E-405F-9C5E-6E0A423889D7}"
EndProject
Project("{8BC9CEB8-8B4A-11D0-8D11-00A0C91BC942}") = "Bai037", "Bai037\Bai037.vcxproj", "{B934F8DC-4DBE-44AD-B619-F5E2EFA341C1}"
EndProject
Project("{8BC9CEB8-8B4A-11D0-8D11-00A0C91BC942}") = "Bai038", "Bai038\Bai038.vcxproj", "{2AE2998A-23CF-4CE3-8FE9-8A396244B324}"
EndProject
Project("{8BC9CEB8-8B4A-11D0-8D11-00A0C91BC942}") = "Bai039", "Bai039\Bai039.vcxproj", "{A5EEE3E8-4D4A-4293-B4A1-6DFA1406A9D6}"
EndProject
Project("{8BC9CEB8-8B4A-11D0-8D11-00A0C91BC942}") = "Bai040", "Bai040\Bai040.vcxproj", "{01D111CD-0D7D-41D8-9F11-5982731DCAF2}"
EndProject
Project("{8BC9CEB8-8B4A-11D0-8D11-00A0C91BC942}") = "Bai041", "Bai041\Bai041.vcxproj", "{24C0922D-DDD6-4B3C-8FF9-BB897AA5932F}"
EndProject
Project("{8BC9CEB8-8B4A-11D0-8D11-00A0C91BC942}") = "Bai042", "Bai042\Bai042.vcxproj", "{5AF591C4-AED3-48A7-BE17-B007E31C1914}"
EndProject
Project("{8BC9CEB8-8B4A-11D0-8D11-00A0C91BC942}") = "Bai043", "Bai043\Bai043.vcxproj", "{B715A561-02AC-493B-81C3-8A9CC1F50885}"
EndProject
Project("{8BC9CEB8-8B4A-11D0-8D11-00A0C91BC942}") = "Bai044", "Bai044\Bai044.vcxproj", "{78E955BE-EC3B-47E5-973A-ACB405376FC0}"
EndProject
Project("{8BC9CEB8-8B4A-11D0-8D11-00A0C91BC942}") = "Bai045", "Bai045\Bai045.vcxproj", "{B3EA4EF4-1B08-43EF-9CD3-1CD1E02C42B4}"
EndProject
Project("{8BC9CEB8-8B4A-11D0-8D11-00A0C91BC942}") = "Bai046", "Bai046\Bai046.vcxproj", "{636167E5-9B61-4868-8FCB-A4B6ECA0346D}"
EndProject
Project("{8BC9CEB8-8B4A-11D0-8D11-00A0C91BC942}") = "Bai047", "Bai047\Bai047.vcxproj", "{7D107CFA-7CCB-4F2E-B9C4-F93810BF6094}"
EndProject
Project("{8BC9CEB8-8B4A-11D0-8D11-00A0C91BC942}") = "Bai048", "Bai048\Bai048.vcxproj", "{0C9F2C1F-4771-4E8E-9443-2B7D7C0FBEEE}"
EndProject
Project("{8BC9CEB8-8B4A-11D0-8D11-00A0C91BC942}") = "Bai049", "Bai049\Bai049.vcxproj", "{44A10533-75DA-4519-B2B1-DC084D2C4496}"
EndProject
Project("{8BC9CEB8-8B4A-11D0-8D11-00A0C91BC942}") = "Bai050", "Bai050\Bai050.vcxproj", "{20B7683D-CDB7-4504-BCA3-6873D4585873}"
EndProject
Project("{8BC9CEB8-8B4A-11D0-8D11-00A0C91BC942}") = "Bai051", "Bai051\Bai051.vcxproj", "{17B9B144-1129-4FD9-B83B-65DF83A40006}"
EndProject
Project("{8BC9CEB8-8B4A-11D0-8D11-00A0C91BC942}") = "Bai052", "Bai052\Bai052.vcxproj", "{FA44CDFF-B393-4448-BFFE-9596DD58E949}"
EndProject
Project("{8BC9CEB8-8B4A-11D0-8D11-00A0C91BC942}") = "Bai053", "Bai053\Bai053.vcxproj", "{BBE506FF-7EA6-4422-994C-BB72D0D3DD80}"
EndProject
Project("{8BC9CEB8-8B4A-11D0-8D11-00A0C91BC942}") = "Bai054", "Bai054\Bai054.vcxproj", "{E1D035A3-F5C5-401D-AD1D-83A4E400F2C5}"
EndProject
Project("{8BC9CEB8-8B4A-11D0-8D11-00A0C91BC942}") = "Bai055", "Bai055\Bai055.vcxproj", "{367B41E9-8D9A-48CD-85E8-4841C12FA642}"
EndProject
Project("{8BC9CEB8-8B4A-11D0-8D11-00A0C91BC942}") = "Bai056", "Bai056\Bai056.vcxproj", "{3572C25F-950C-46C6-8926-29A94D971B09}"
EndProject
Project("{8BC9CEB8-8B4A-11D0-8D11-00A0C91BC942}") = "Bai057", "Bai057\Bai057.vcxproj", "{251F0861-C6D3-421D-921D-BBC7B1E8F84F}"
EndProject
Project("{8BC9CEB8-8B4A-11D0-8D11-00A0C91BC942}") = "Bai058", "Bai058\Bai058.vcxproj", "{A643D8AB-649C-454D-B870-1C647EC497C2}"
EndProject
Global
	GlobalSection(SolutionConfigurationPlatforms) = preSolution
		Debug|x64 = Debug|x64
		Debug|x86 = Debug|x86
		Release|x64 = Release|x64
		Release|x86 = Release|x86
	EndGlobalSection
	GlobalSection(ProjectConfigurationPlatforms) = postSolution
		{D3561E8E-0570-49A9-AE19-0C5CCB4AABA4}.Debug|x64.ActiveCfg = Debug|x64
		{D3561E8E-0570-49A9-AE19-0C5CCB4AABA4}.Debug|x64.Build.0 = Debug|x64
		{D3561E8E-0570-49A9-AE19-0C5CCB4AABA4}.Debug|x86.ActiveCfg = Debug|Win32
		{D3561E8E-0570-49A9-AE19-0C5CCB4AABA4}.Debug|x86.Build.0 = Debug|Win32
		{D3561E8E-0570-49A9-AE19-0C5CCB4AABA4}.Release|x64.ActiveCfg = Release|x64
		{D3561E8E-0570-49A9-AE19-0C5CCB4AABA4}.Release|x64.Build.0 = Release|x64
		{D3561E8E-0570-49A9-AE19-0C5CCB4AABA4}.Release|x86.ActiveCfg = Release|Win32
		{D3561E8E-0570-49A9-AE19-0C5CCB4AABA4}.Release|x86.Build.0 = Release|Win32
		{45C9B6C5-7948-487B-906D-EFA724116A52}.Debug|x64.ActiveCfg = Debug|x64
		{45C9B6C5-7948-487B-906D-EFA724116A52}.Debug|x64.Build.0 = Debug|x64
		{45C9B6C5-7948-487B-906D-EFA724116A52}.Debug|x86.ActiveCfg = Debug|Win32
		{45C9B6C5-7948-487B-906D-EFA724116A52}.Debug|x86.Build.0 = Debug|Win32
		{45C9B6C5-7948-487B-906D-EFA724116A52}.Release|x64.ActiveCfg = Release|x64
		{45C9B6C5-7948-487B-906D-EFA724116A52}.Release|x64.Build.0 = Release|x64
		{45C9B6C5-7948-487B-906D-EFA724116A52}.Release|x86.ActiveCfg = Release|Win32
		{45C9B6C5-7948-487B-906D-EFA724116A52}.Release|x86.Build.0 = Release|Win32
		{C744F813-8FF9-4753-90FD-383DEB96564E}.Debug|x64.ActiveCfg = Debug|x64
		{C744F813-8FF9-4753-90FD-383DEB96564E}.Debug|x64.Build.0 = Debug|x64
		{C744F813-8FF9-4753-90FD-383DEB96564E}.Debug|x86.ActiveCfg = Debug|Win32
		{C744F813-8FF9-4753-90FD-383DEB96564E}.Debug|x86.Build.0 = Debug|Win32
		{C744F813-8FF9-4753-90FD-383DEB96564E}.Release|x64.ActiveCfg = Release|x64
		{C744F813-8FF9-4753-90FD-383DEB96564E}.Release|x64.Build.0 = Release|x64
		{C744F813-8FF9-4753-90FD-383DEB96564E}.Release|x86.ActiveCfg = Release|Win32
		{C744F813-8FF9-4753-90FD-383DEB96564E}.Release|x86.Build.0 = Release|Win32
		{BE4881CB-EB8B-4522-8F26-3724C2A27877}.Debug|x64.ActiveCfg = Debug|x64
		{BE4881CB-EB8B-4522-8F26-3724C2A27877}.Debug|x64.Build.0 = Debug|x64
		{BE4881CB-EB8B-4522-8F26-3724C2A27877}.Debug|x86.ActiveCfg = Debug|Win32
		{BE4881CB-EB8B-4522-8F26-3724C2A27877}.Debug|x86.Build.0 = Debug|Win32
		{BE4881CB-EB8B-4522-8F26-3724C2A27877}.Release|x64.ActiveCfg = Release|x64
		{BE4881CB-EB8B-4522-8F26-3724C2A27877}.Release|x64.Build.0 = Release|x64
		{BE4881CB-EB8B-4522-8F26-3724C2A27877}.Release|x86.ActiveCfg = Release|Win32
		{BE4881CB-EB8B-4522-8F26-3724C2A27877}.Release|x86.Build.0 = Release|Win32
		{A6E029B4-11CC-465E-A8F0-8215557F2CFD}.Debug|x64.ActiveCfg = Debug|x64
		{A6E029B4-11CC-465E-A8F0-8215557F2CFD}.Debug|x64.Build.0 = Debug|x64
		{A6E029B4-11CC-465E-A8F0-8215557F2CFD}.Debug|x86.ActiveCfg = Debug|Win32
		{A6E029B4-11CC-465E-A8F0-8215557F2CFD}.Debug|x86.Build.0 = Debug|Win32
		{A6E029B4-11CC-465E-A8F0-8215557F2CFD}.Release|x64.ActiveCfg = Release|x64
		{A6E029B4-11CC-465E-A8F0-8215557F2CFD}.Release|x64.Build.0 = Release|x64
		{A6E029B4-11CC-465E-A8F0-8215557F2CFD}.Release|x86.ActiveCfg = Release|Win32
		{A6E029B4-11CC-465E-A8F0-8215557F2CFD}.Release|x86.Build.0 = Release|Win32
		{C0FE087A-7BFC-4B9B-936D-CEA98616212B}.Debug|x64.ActiveCfg = Debug|x64
		{C0FE087A-7BFC-4B9B-936D-CEA98616212B}.Debug|x64.Build.0 = Debug|x64
		{C0FE087A-7BFC-4B9B-936D-CEA98616212B}.Debug|x86.ActiveCfg = Debug|Win32
		{C0FE087A-7BFC-4B9B-936D-CEA98616212B}.Debug|x86.Build.0 = Debug|Win32
		{C0FE087A-7BFC-4B9B-936D-CEA98616212B}.Release|x64.ActiveCfg = Release|x64
		{C0FE087A-7BFC-4B9B-936D-CEA98616212B}.Release|x64.Build.0 = Release|x64
		{C0FE087A-7BFC-4B9B-936D-CEA98616212B}.Release|x86.ActiveCfg = Release|Win32
		{C0FE087A-7BFC-4B9B-936D-CEA98616212B}.Release|x86.Build.0 = Release|Win32
		{15A5A32E-1B18-4EC7-9454-BE2BC6ACDBB8}.Debug|x64.ActiveCfg = Debug|x64
		{15A5A32E-1B18-4EC7-9454-BE2BC6ACDBB8}.Debug|x64.Build.0 = Debug|x64
		{15A5A32E-1B18-4EC7-9454-BE2BC6ACDBB8}.Debug|x86.ActiveCfg = Debug|Win32
		{15A5A32E-1B18-4EC7-9454-BE2BC6ACDBB8}.Debug|x86.Build.0 = Debug|Win32
		{15A5A32E-1B18-4EC7-9454-BE2BC6ACDBB8}.Release|x64.ActiveCfg = Release|x64
		{15A5A32E-1B18-4EC7-9454-BE2BC6ACDBB8}.Release|x64.Build.0 = Release|x64
		{15A5A32E-1B18-4EC7-9454-BE2BC6ACDBB8}.Release|x86.ActiveCfg = Release|Win32
		{15A5A32E-1B18-4EC7-9454-BE2BC6ACDBB8}.Release|x86.Build.0 = Release|Win32
		{44CEA4F6-139E-405F-9C5E-6E0A423889D7}.Debug|x64.ActiveCfg = Debug|x64
		{44CEA4F6-139E-405F-9C5E-6E0A423889D7}.Debug|x64.Build.0 = Debug|x64
		{44CEA4F6-139E-405F-9C5E-6E0A423889D7}.Debug|x86.ActiveCfg = Debug|Win32
		{44CEA4F6-139E-405F-9C5E-6E0A423889D7}.Debug|x86.Build.0 = Debug|Win32
		{44CEA4F6-139E-405F-9C5E-6E0A423889D7}.Release|x64.ActiveCfg = Release|x64
		{44CEA4F6-139E-405F-9C5E-6E0A423889D7}.Release|x64.Build.0 = Release|x64
		{44CEA4F6-139E-405F-9C5E-6E0A423889D7}.Release|x86.ActiveCfg = Release|Win32
		{44CEA4F6-139E-405F-9C5E-6E0A423889D7}.Release|x86.Build.0 = Release|Win32
		{B934F8DC-4DBE-44AD-B619-F5E2EFA341C1}.Debug|x64.ActiveCfg = Debug|x64
		{B934F8DC-4DBE-44AD-B619-F5E2EFA341C1}.Debug|x64.Build.0 = Debug|x64
		{B934F8DC-4DBE-44AD-B619-F5E2EFA341C1}.Debug|x86.ActiveCfg = Debug|Win32
		{B934F8DC-4DBE-44AD-B619-F5E2EFA341C1}.Debug|x86.Build.0 = Debug|Win32
		{B934F8DC-4DBE-44AD-B619-F5E2EFA341C1}.Release|x64.ActiveCfg = Release|x64
		{B934F8DC-4DBE-44AD-B619-F5E2EFA341C1}.Release|x64.Build.0 = Release|x64
		{B934F8DC-4DBE-44AD-B619-F5E2EFA341C1}.Release|x86.ActiveCfg = Release|Win32
		{B934F8DC-4DBE-44AD-B619-F5E2EFA341C1}.Release|x86.Build.0 = Release|Win32
		{2AE2998A-23CF-4CE3-8FE9-8A396244B324}.Debug|x64.ActiveCfg = Debug|x64
		{2AE2998A-23CF-4CE3-8FE9-8A396244B324}.Debug|x64.Build.0 = Debug|x64
		{2AE2998A-23CF-4CE3-8FE9-8A396244B324}.Debug|x86.ActiveCfg = Debug|Win32
		{2AE2998A-23CF-4CE3-8FE9-8A396244B324}.Debug|x86.Build.0 = Debug|Win32
		{2AE2998A-23CF-4CE3-8FE9-8A396244B324}.Release|x64.ActiveCfg = Release|x64
		{2AE2998A-23CF-4CE3-8FE9-8A396244B324}.Release|x64.Build.0 = Release|x64
		{2AE2998A-23CF-4CE3-8FE9-8A396244B324}.Release|x86.ActiveCfg = Release|Win32
		{2AE2998A-23CF-4CE3-8FE9-8A396244B324}.Release|x86.Build.0 = Release|Win32
		{A5EEE3E8-4D4A-4293-B4A1-6DFA1406A9D6}.Debug|x64.ActiveCfg = Debug|x64
		{A5EEE3E8-4D4A-4293-B4A1-6DFA1406A9D6}.Debug|x64.Build.0 = Debug|x64
		{A5EEE3E8-4D4A-4293-B4A1-6DFA1406A9D6}.Debug|x86.ActiveCfg = Debug|Win32
		{A5EEE3E8-4D4A-4293-B4A1-6DFA1406A9D6}.Debug|x86.Build.0 = Debug|Win32
		{A5EEE3E8-4D4A-4293-B4A1-6DFA1406A9D6}.Release|x64.ActiveCfg = Release|x64
		{A5EEE3E8-4D4A-4293-B4A1-6DFA1406A9D6}.Release|x64.Build.0 = Release|x64
		{A5EEE3E8-4D4A-4293-B4A1-6DFA1406A9D6}.Release|x86.ActiveCfg = Release|Win32
		{A5EEE3E8-4D4A-4293-B4A1-6DFA1406A9D6}.Release|x86.Build.0 = Release|Win32
		{01D111CD-0D7D-41D8-9F11-5982731DCAF2}.Debug|x64.ActiveCfg = Debug|x64
		{01D111CD-0D7D-41D8-9F11-5982731DCAF2}.Debug|x64.Build.0 = Debug|x64
		{01D111CD-0D7D-41D8-9F11-5982731DCAF2}.Debug|x86.ActiveCfg = Debug|Win32
		{01D111CD-0D7D-41D8-9F11-5982731DCAF2}.Debug|x86.Build.0 = Debug|Win32
		{01D111CD-0D7D-41D8-9F11-5982731DCAF2}.Release|x64.ActiveCfg = Release|x64
		{01D111CD-0D7D-41D8-9F11-5982731DCAF2}.Release|x64.Build.0 = Release|x64
		{01D111CD-0D7D-41D8-9F11-5982731DCAF2}.Release|x86.ActiveCfg = Release|Win32
		{01D111CD-0D7D-41D8-9F11-5982731DCAF2}.Release|x86.Build.0 = Release|Win32
		{24C0922D-DDD6-4B3C-8FF9-BB897AA5932F}.Debug|x64.ActiveCfg = Debug|x64
		{24C0922D-DDD6-4B3C-8FF9-BB897AA5932F}.Debug|x64.Build.0 = Debug|x64
		{24C0922D-DDD6-4B3C-8FF9-BB897AA5932F}.Debug|x86.ActiveCfg = Debug|Win32
		{24C0922D-DDD6-4B3C-8FF9-BB897AA5932F}.Debug|x86.Build.0 = Debug|Win32
		{24C0922D-DDD6-4B3C-8FF9-BB897AA5932F}.Release|x64.ActiveCfg = Release|x64
		{24C0922D-DDD6-4B3C-8FF9-BB897AA5932F}.Release|x64.Build.0 = Release|x64
		{24C0922D-DDD6-4B3C-8FF9-BB897AA5932F}.Release|x86.ActiveCfg = Release|Win32
		{24C0922D-DDD6-4B3C-8FF9-BB897AA5932F}.Release|x86.Build.0 = Release|Win32
		{5AF591C4-AED3-48A7-BE17-B007E31C1914}.Debug|x64.ActiveCfg = Debug|x64
		{5AF591C4-AED3-48A7-BE17-B007E31C1914}.Debug|x64.Build.0 = Debug|x64
		{5AF591C4-AED3-48A7-BE17-B007E31C1914}.Debug|x86.ActiveCfg = Debug|Win32
		{5AF591C4-AED3-48A7-BE17-B007E31C1914}.Debug|x86.Build.0 = Debug|Win32
		{5AF591C4-AED3-48A7-BE17-B007E31C1914}.Release|x64.ActiveCfg = Release|x64
		{5AF591C4-AED3-48A7-BE17-B007E31C1914}.Release|x64.Build.0 = Release|x64
		{5AF591C4-AED3-48A7-BE17-B007E31C1914}.Release|x86.ActiveCfg = Release|Win32
		{5AF591C4-AED3-48A7-BE17-B007E31C1914}.Release|x86.Build.0 = Release|Win32
		{B715A561-02AC-493B-81C3-8A9CC1F50885}.Debug|x64.ActiveCfg = Debug|x64
		{B715A561-02AC-493B-81C3-8A9CC1F50885}.Debug|x64.Build.0 = Debug|x64
		{B715A561-02AC-493B-81C3-8A9CC1F50885}.Debug|x86.ActiveCfg = Debug|Win32
		{B715A561-02AC-493B-81C3-8A9CC1F50885}.Debug|x86.Build.0 = Debug|Win32
		{B715A561-02AC-493B-81C3-8A9CC1F50885}.Release|x64.ActiveCfg = Release|x64
		{B715A561-02AC-493B-81C3-8A9CC1F50885}.Release|x64.Build.0 = Release|x64
		{B715A561-02AC-493B-81C3-8A9CC1F50885}.Release|x86.ActiveCfg = Release|Win32
		{B715A561-02AC-493B-81C3-8A9CC1F50885}.Release|x86.Build.0 = Release|Win32
		{78E955BE-EC3B-47E5-973A-ACB405376FC0}.Debug|x64.ActiveCfg = Debug|x64
		{78E955BE-EC3B-47E5-973A-ACB405376FC0}.Debug|x64.Build.0 = Debug|x64
		{78E955BE-EC3B-47E5-973A-ACB405376FC0}.Debug|x86.ActiveCfg = Debug|Win32
		{78E955BE-EC3B-47E5-973A-ACB405376FC0}.Debug|x86.Build.0 = Debug|Win32
		{78E955BE-EC3B-47E5-973A-ACB405376FC0}.Release|x64.ActiveCfg = Release|x64
		{78E955BE-EC3B-47E5-973A-ACB405376FC0}.Release|x64.Build.0 = Release|x64
		{78E955BE-EC3B-47E5-973A-ACB405376FC0}.Release|x86.ActiveCfg = Release|Win32
		{78E955BE-EC3B-47E5-973A-ACB405376FC0}.Release|x86.Build.0 = Release|Win32
		{B3EA4EF4-1B08-43EF-9CD3-1CD1E02C42B4}.Debug|x64.ActiveCfg = Debug|x64
		{B3EA4EF4-1B08-43EF-9CD3-1CD1E02C42B4}.Debug|x64.Build.0 = Debug|x64
		{B3EA4EF4-1B08-43EF-9CD3-1CD1E02C42B4}.Debug|x86.ActiveCfg = Debug|Win32
		{B3EA4EF4-1B08-43EF-9CD3-1CD1E02C42B4}.Debug|x86.Build.0 = Debug|Win32
		{B3EA4EF4-1B08-43EF-9CD3-1CD1E02C42B4}.Release|x64.ActiveCfg = Release|x64
		{B3EA4EF4-1B08-43EF-9CD3-1CD1E02C42B4}.Release|x64.Build.0 = Release|x64
		{B3EA4EF4-1B08-43EF-9CD3-1CD1E02C42B4}.Release|x86.ActiveCfg = Release|Win32
		{B3EA4EF4-1B08-43EF-9CD3-1CD1E02C42B4}.Release|x86.Build.0 = Release|Win32
		{636167E5-9B61-4868-8FCB-A4B6ECA0346D}.Debug|x64.ActiveCfg = Debug|x64
		{636167E5-9B61-4868-8FCB-A4B6ECA0346D}.Debug|x64.Build.0 = Debug|x64
		{636167E5-9B61-4868-8FCB-A4B6ECA0346D}.Debug|x86.ActiveCfg = Debug|Win32
		{636167E5-9B61-4868-8FCB-A4B6ECA0346D}.Debug|x86.Build.0 = Debug|Win32
		{636167E5-9B61-4868-8FCB-A4B6ECA0346D}.Release|x64.ActiveCfg = Release|x64
		{636167E5-9B61-4868-8FCB-A4B6ECA0346D}.Release|x64.Build.0 = Release|x64
		{636167E5-9B61-4868-8FCB-A4B6ECA0346D}.Release|x86.ActiveCfg = Release|Win32
		{636167E5-9B61-4868-8FCB-A4B6ECA0346D}.Release|x86.Build.0 = Release|Win32
		{7D107CFA-7CCB-4F2E-B9C4-F93810BF6094}.Debug|x64.ActiveCfg = Debug|x64
		{7D107CFA-7CCB-4F2E-B9C4-F93810BF6094}.Debug|x64.Build.0 = Debug|x64
		{7D107CFA-7CCB-4F2E-B9C4-F93810BF6094}.Debug|x86.ActiveCfg = Debug|Win32
		{7D107CFA-7CCB-4F2E-B9C4-F93810BF6094}.Debug|x86.Build.0 = Debug|Win32
		{7D107CFA-7CCB-4F2E-B9C4-F93810BF6094}.Release|x64.ActiveCfg = Release|x64
		{7D107CFA-7CCB-4F2E-B9C4-F93810BF6094}.Release|x64.Build.0 = Release|x64
		{7D107CFA-7CCB-4F2E-B9C4-F93810BF6094}.Release|x86.ActiveCfg = Release|Win32
		{7D107CFA-7CCB-4F2E-B9C4-F93810BF6094}.Release|x86.Build.0 = Release|Win32
		{0C9F2C1F-4771-4E8E-9443-2B7D7C0FBEEE}.Debug|x64.ActiveCfg = Debug|x64
		{0C9F2C1F-4771-4E8E-9443-2B7D7C0FBEEE}.Debug|x64.Build.0 = Debug|x64
		{0C9F2C1F-4771-4E8E-9443-2B7D7C0FBEEE}.Debug|x86.ActiveCfg = Debug|Win32
		{0C9F2C1F-4771-4E8E-9443-2B7D7C0FBEEE}.Debug|x86.Build.0 = Debug|Win32
		{0C9F2C1F-4771-4E8E-9443-2B7D7C0FBEEE}.Release|x64.ActiveCfg = Release|x64
		{0C9F2C1F-4771-4E8E-9443-2B7D7C0FBEEE}.Release|x64.Build.0 = Release|x64
		{0C9F2C1F-4771-4E8E-9443-2B7D7C0FBEEE}.Release|x86.ActiveCfg = Release|Win32
		{0C9F2C1F-4771-4E8E-9443-2B7D7C0FBEEE}.Release|x86.Build.0 = Release|Win32
		{44A10533-75DA-4519-B2B1-DC084D2C4496}.Debug|x64.ActiveCfg = Debug|x64
		{44A10533-75DA-4519-B2B1-DC084D2C4496}.Debug|x64.Build.0 = Debug|x64
		{44A10533-75DA-4519-B2B1-DC084D2C4496}.Debug|x86.ActiveCfg = Debug|Win32
		{44A10533-75DA-4519-B2B1-DC084D2C4496}.Debug|x86.Build.0 = Debug|Win32
		{44A10533-75DA-4519-B2B1-DC084D2C4496}.Release|x64.ActiveCfg = Release|x64
		{44A10533-75DA-4519-B2B1-DC084D2C4496}.Release|x64.Build.0 = Release|x64
		{44A10533-75DA-4519-B2B1-DC084D2C4496}.Release|x86.ActiveCfg = Release|Win32
		{44A10533-75DA-4519-B2B1-DC084D2C4496}.Release|x86.Build.0 = Release|Win32
		{20B7683D-CDB7-4504-BCA3-6873D4585873}.Debug|x64.ActiveCfg = Debug|x64
		{20B7683D-CDB7-4504-BCA3-6873D4585873}.Debug|x64.Build.0 = Debug|x64
		{20B7683D-CDB7-4504-BCA3-6873D4585873}.Debug|x86.ActiveCfg = Debug|Win32
		{20B7683D-CDB7-4504-BCA3-6873D4585873}.Debug|x86.Build.0 = Debug|Win32
		{20B7683D-CDB7-4504-BCA3-6873D4585873}.Release|x64.ActiveCfg = Release|x64
		{20B7683D-CDB7-4504-BCA3-6873D4585873}.Release|x64.Build.0 = Release|x64
		{20B7683D-CDB7-4504-BCA3-6873D4585873}.Release|x86.ActiveCfg = Release|Win32
		{20B7683D-CDB7-4504-BCA3-6873D4585873}.Release|x86.Build.0 = Release|Win32
		{17B9B144-1129-4FD9-B83B-65DF83A40006}.Debug|x64.ActiveCfg = Debug|x64
		{17B9B144-1129-4FD9-B83B-65DF83A40006}.Debug|x64.Build.0 = Debug|x64
		{17B9B144-1129-4FD9-B83B-65DF83A40006}.Debug|x86.ActiveCfg = Debug|Win32
		{17B9B144-1129-4FD9-B83B-65DF83A40006}.Debug|x86.Build.0 = Debug|Win32
		{17B9B144-1129-4FD9-B83B-65DF83A40006}.Release|x64.ActiveCfg = Release|x64
		{17B9B144-1129-4FD9-B83B-65DF83A40006}.Release|x64.Build.0 = Release|x64
		{17B9B144-1129-4FD9-B83B-65DF83A40006}.Release|x86.ActiveCfg = Release|Win32
		{17B9B144-1129-4FD9-B83B-65DF83A40006}.Release|x86.Build.0 = Release|Win32
		{FA44CDFF-B393-4448-BFFE-9596DD58E949}.Debug|x64.ActiveCfg = Debug|x64
		{FA44CDFF-B393-4448-BFFE-9596DD58E949}.Debug|x64.Build.0 = Debug|x64
		{FA44CDFF-B393-4448-BFFE-9596DD58E949}.Debug|x86.ActiveCfg = Debug|Win32
		{FA44CDFF-B393-4448-BFFE-9596DD58E949}.Debug|x86.Build.0 = Debug|Win32
		{FA44CDFF-B393-4448-BFFE-9596DD58E949}.Release|x64.ActiveCfg = Release|x64
		{FA44CDFF-B393-4448-BFFE-9596DD58E949}.Release|x64.Build.0 = Release|x64
		{FA44CDFF-B393-4448-BFFE-9596DD58E949}.Release|x86.ActiveCfg = Release|Win32
		{FA44CDFF-B393-4448-BFFE-9596DD58E949}.Release|x86.Build.0 = Release|Win32
		{BBE506FF-7EA6-4422-994C-BB72D0D3DD80}.Debug|x64.ActiveCfg = Debug|x64
		{BBE506FF-7EA6-4422-994C-BB72D0D3DD80}.Debug|x64.Build.0 = Debug|x64
		{BBE506FF-7EA6-4422-994C-BB72D0D3DD80}.Debug|x86.ActiveCfg = Debug|Win32
		{BBE506FF-7EA6-4422-994C-BB72D0D3DD80}.Debug|x86.Build.0 = Debug|Win32
		{BBE506FF-7EA6-4422-994C-BB72D0D3DD80}.Release|x64.ActiveCfg = Release|x64
		{BBE506FF-7EA6-4422-994C-BB72D0D3DD80}.Release|x64.Build.0 = Release|x64
		{BBE506FF-7EA6-4422-994C-BB72D0D3DD80}.Release|x86.ActiveCfg = Release|Win32
		{BBE506FF-7EA6-4422-994C-BB72D0D3DD80}.Release|x86.Build.0 = Release|Win32
		{E1D035A3-F5C5-401D-AD1D-83A4E400F2C5}.Debug|x64.ActiveCfg = Debug|x64
		{E1D035A3-F5C5-401D-AD1D-83A4E400F2C5}.Debug|x64.Build.0 = Debug|x64
		{E1D035A3-F5C5-401D-AD1D-83A4E400F2C5}.Debug|x86.ActiveCfg = Debug|Win32
		{E1D035A3-F5C5-401D-AD1D-83A4E400F2C5}.Debug|x86.Build.0 = Debug|Win32
		{E1D035A3-F5C5-401D-AD1D-83A4E400F2C5}.Release|x64.ActiveCfg = Release|x64
		{E1D035A3-F5C5-401D-AD1D-83A4E400F2C5}.Release|x64.Build.0 = Release|x64
		{E1D035A3-F5C5-401D-AD1D-83A4E400F2C5}.Release|x86.ActiveCfg = Release|Win32
		{E1D035A3-F5C5-401D-AD1D-83A4E400F2C5}.Release|x86.Build.0 = Release|Win32
		{367B41E9-8D9A-48CD-85E8-4841C12FA642}.Debug|x64.ActiveCfg = Debug|x64
		{367B41E9-8D9A-48CD-85E8-4841C12FA642}.Debug|x64.Build.0 = Debug|x64
		{367B41E9-8D9A-48CD-85E8-4841C12FA642}.Debug|x86.ActiveCfg = Debug|Win32
		{367B41E9-8D9A-48CD-85E8-4841C12FA642}.Debug|x86.Build.0 = Debug|Win32
		{367B41E9-8D9A-48CD-85E8-4841C12FA642}.Release|x64.ActiveCfg = Release|x64
		{367B41E9-8D9A-48CD-85E8-4841C12FA642}.Release|x64.Build.0 = Release|x64
		{367B41E9-8D9A-48CD-85E8-4841C12FA642}.Release|x86.ActiveCfg = Release|Win32
		{367B41E9-8D9A-48CD-85E8-4841C12FA642}.Release|x86.Build.0 = Release|Win32
		{3572C25F-950C-46C6-8926-29A94D971B09}.Debug|x64.ActiveCfg = Debug|x64
		{3572C25F-950C-46C6-8926-29A94D971B09}.Debug|x64.Build.0 = Debug|x64
		{3572C25F-950C-46C6-8926-29A94D971B09}.Debug|x86.ActiveCfg = Debug|Win32
		{3572C25F-950C-46C6-8926-29A94D971B09}.Debug|x86.Build.0 = Debug|Win32
		{3572C25F-950C-46C6-8926-29A94D971B09}.Release|x64.ActiveCfg = Release|x64
		{3572C25F-950C-46C6-8926-29A94D971B09}.Release|x64.Build.0 = Release|x64
		{3572C25F-950C-46C6-8926-29A94D971B09}.Release|x86.ActiveCfg = Release|Win32
		{3572C25F-950C-46C6-8926-29A94D971B09}.Release|x86.Build.0 = Release|Win32
		{251F0861-C6D3-421D-921D-BBC7B1E8F84F}.Debug|x64.ActiveCfg = Debug|x64
		{251F0861-C6D3-421D-921D-BBC7B1E8F84F}.Debug|x64.Build.0 = Debug|x64
		{251F0861-C6D3-421D-921D-BBC7B1E8F84F}.Debug|x86.ActiveCfg = Debug|Win32
		{251F0861-C6D3-421D-921D-BBC7B1E8F84F}.Debug|x86.Build.0 = Debug|Win32
		{251F0861-C6D3-421D-921D-BBC7B1E8F84F}.Release|x64.ActiveCfg = Release|x64
		{251F0861-C6D3-421D-921D-BBC7B1E8F84F}.Release|x64.Build.0 = Release|x64
		{251F0861-C6D3-421D-921D-BBC7B1E8F84F}.Release|x86.ActiveCfg = Release|Win32
		{251F0861-C6D3-421D-921D-BBC7B1E8F84F}.Release|x86.Build.0 = Release|Win32
		{A643D8AB-649C-454D-B870-1C647EC497C2}.Debug|x64.ActiveCfg = Debug|x64
		{A643D8AB-649C-454D-B870-1C647EC497C2}.Debug|x64.Build.0 = Debug|x64
		{A643D8AB-649C-454D-B870-1C647EC497C2}.Debug|x86.ActiveCfg = Debug|Win32
		{A643D8AB-649C-454D-B870-1C647EC497C2}.Debug|x86.Build.0 = Debug|Win32
		{A643D8AB-649C-454D-B870-1C647EC497C2}.Release|x64.ActiveCfg = Release|x64
		{A643D8AB-649C-454D-B870-1C647EC497C2}.Release|x64.Build.0 = Release|x64
		{A643D8AB-649C-454D-B870-1C647EC497C2}.Release|x86.ActiveCfg = Release|Win32
		{A643D8AB-649C-454D-B870-1C647EC497C2}.Release|x86.Build.0 = Release|Win32
	EndGlobalSection
	GlobalSection(SolutionProperties) = preSolution
		HideSolutionNode = FALSE
	EndGlobalSection
	GlobalSection(ExtensibilityGlobals) = postSolution
		SolutionGuid = {1BC52E76-B971-4A7E-9914-DECC21B68C38}
	EndGlobalSection
EndGlobal
