
Microsoft Visual Studio Solution File, Format Version 12.00
# Visual Studio Version 17
VisualStudioVersion = 17.7.34031.279
MinimumVisualStudioVersion = 10.0.40219.1
Project("{8BC9CEB8-8B4A-11D0-8D11-00A0C91BC942}") = "Bai001", "Bai001\Bai001.vcxproj", "{D3561E8E-0570-49A9-AE19-0C5CCB4AABA4}"
EndProject
Project("{8BC9CEB8-8B4A-11D0-8D11-00A0C91BC942}") = "Bai088", "Bai088\Bai088.vcxproj", "{4DE3DB4E-6854-494F-A546-95DA9DE2B908}"
EndProject
Project("{8BC9CEB8-8B4A-11D0-8D11-00A0C91BC942}") = "Bai089", "Bai089\Bai089.vcxproj", "{BFFEE79A-AEEB-4C31-A5B1-414E9551F242}"
EndProject
Project("{8BC9CEB8-8B4A-11D0-8D11-00A0C91BC942}") = "Bai099", "Bai099\Bai099.vcxproj", "{07784E5E-69F4-4518-B4AF-23C1C16C31B6}"
EndProject
Project("{8BC9CEB8-8B4A-11D0-8D11-00A0C91BC942}") = "Bai090", "Bai090\Bai090.vcxproj", "{760C45E9-1D1E-41C1-8EDC-0FE54EEC5F2C}"
EndProject
Project("{8BC9CEB8-8B4A-11D0-8D11-00A0C91BC942}") = "Bai091", "Bai091\Bai091.vcxproj", "{D371EF05-8822-405C-AC18-70F1ED7010A1}"
EndProject
Project("{8BC9CEB8-8B4A-11D0-8D11-00A0C91BC942}") = "Bai092", "Bai092\Bai092.vcxproj", "{9D136D7F-0175-4CB2-8E79-1128D4EE1AC0}"
EndProject
Project("{8BC9CEB8-8B4A-11D0-8D11-00A0C91BC942}") = "Bai093", "Bai093\Bai093.vcxproj", "{FFE0C764-8BEF-440A-B871-2846E1F25093}"
EndProject
Project("{8BC9CEB8-8B4A-11D0-8D11-00A0C91BC942}") = "Bai094", "Bai094\Bai094.vcxproj", "{B98A2AE8-F1AE-45FE-9A21-90B38120DB29}"
EndProject
Project("{8BC9CEB8-8B4A-11D0-8D11-00A0C91BC942}") = "Bai095", "Bai095\Bai095.vcxproj", "{DE14FDBE-0E47-4312-8BF6-3FFE34AA9FA6}"
EndProject
Project("{8BC9CEB8-8B4A-11D0-8D11-00A0C91BC942}") = "Bai096", "Bai096\Bai096.vcxproj", "{32C6E9EE-D047-44A3-A2EB-E9F41E50D275}"
EndProject
Project("{8BC9CEB8-8B4A-11D0-8D11-00A0C91BC942}") = "Bai097", "Bai097\Bai097.vcxproj", "{684A17BA-6B52-4FF2-A5A8-F3E165C91E84}"
EndProject
Project("{8BC9CEB8-8B4A-11D0-8D11-00A0C91BC942}") = "Bai098", "Bai098\Bai098.vcxproj", "{821683F4-DA3B-4D53-BC6E-ED427236AEAE}"
EndProject
Project("{8BC9CEB8-8B4A-11D0-8D11-00A0C91BC942}") = "Bai100", "Bai100\Bai100.vcxproj", "{C29984C1-A1CF-4A7D-9E45-475E02C42E49}"
EndProject
Project("{8BC9CEB8-8B4A-11D0-8D11-00A0C91BC942}") = "Bai101", "Bai101\Bai101.vcxproj", "{4672E8B2-9E7D-4770-811A-05A53580B277}"
EndProject
Project("{8BC9CEB8-8B4A-11D0-8D11-00A0C91BC942}") = "Bai102", "Bai102\Bai102.vcxproj", "{DF5DDED3-39A0-4DB6-96E0-97F065A75BA7}"
EndProject
Project("{8BC9CEB8-8B4A-11D0-8D11-00A0C91BC942}") = "Bai103", "Bai103\Bai103.vcxproj", "{D315E0C1-7D5A-4D49-8ABD-674959D17CAE}"
EndProject
Project("{8BC9CEB8-8B4A-11D0-8D11-00A0C91BC942}") = "Bai104", "Bai104\Bai104.vcxproj", "{69AFE452-9EFE-43B6-9E15-0078C44DC471}"
EndProject
Project("{8BC9CEB8-8B4A-11D0-8D11-00A0C91BC942}") = "Bai105", "Bai105\Bai105.vcxproj", "{763783CC-C541-420F-8878-7EF1A06B92A8}"
EndProject
Project("{8BC9CEB8-8B4A-11D0-8D11-00A0C91BC942}") = "Bai106", "Bai106\Bai106.vcxproj", "{0377C17B-7236-4B2E-A1C7-E10D9A8DF093}"
EndProject
Project("{8BC9CEB8-8B4A-11D0-8D11-00A0C91BC942}") = "Bai107", "Bai107\Bai107.vcxproj", "{D7B615E7-1569-48E3-A7E6-3AAB9AF10D4B}"
EndProject
Project("{8BC9CEB8-8B4A-11D0-8D11-00A0C91BC942}") = "Bai108", "Bai108\Bai108.vcxproj", "{738D61A2-8423-4128-A31A-01FBA89B90ED}"
EndProject
Project("{8BC9CEB8-8B4A-11D0-8D11-00A0C91BC942}") = "Bai109", "Bai109\Bai109.vcxproj", "{1939139B-E85E-43FD-9591-4B33BF8B7A7F}"
EndProject
Project("{8BC9CEB8-8B4A-11D0-8D11-00A0C91BC942}") = "Bai110", "Bai110\Bai110.vcxproj", "{B981CCFD-E839-4DE3-A6BC-E2C924061E8E}"
EndProject
Project("{8BC9CEB8-8B4A-11D0-8D11-00A0C91BC942}") = "Bai111", "Bai111\Bai111.vcxproj", "{D7E9DD2E-F797-449C-8412-4F06BF7FC2D5}"
EndProject
Project("{8BC9CEB8-8B4A-11D0-8D11-00A0C91BC942}") = "Bai112", "Bai112\Bai112.vcxproj", "{3C5169B9-B119-4186-868A-C71313B159D6}"
EndProject
Project("{8BC9CEB8-8B4A-11D0-8D11-00A0C91BC942}") = "Bai113", "Bai113\Bai113.vcxproj", "{98BA356F-0A2F-43F6-A83C-BED498907EE6}"
EndProject
Project("{8BC9CEB8-8B4A-11D0-8D11-00A0C91BC942}") = "Bai114", "Bai114\Bai114.vcxproj", "{A512A0F1-3C8E-4AE3-AEFD-7EA4AF486591}"
EndProject
Project("{8BC9CEB8-8B4A-11D0-8D11-00A0C91BC942}") = "Bai115", "Bai115\Bai115.vcxproj", "{081F4283-A151-4BDC-8661-49FA09BB6EEF}"
EndProject
Project("{8BC9CEB8-8B4A-11D0-8D11-00A0C91BC942}") = "Bai116", "Bai116\Bai116.vcxproj", "{EC189CC6-4B8B-475E-AC02-7417D5BAA05B}"
EndProject
Global
	GlobalSection(SolutionConfigurationPlatforms) = preSolution
		Debug|x64 = Debug|x64
		Debug|x86 = Debug|x86
		Release|x64 = Release|x64
		Release|x86 = Release|x86
	EndGlobalSection
	GlobalSection(ProjectConfigurationPlatforms) = postSolution
		{D3561E8E-0570-49A9-AE19-0C5CCB4AABA4}.Debug|x64.ActiveCfg = Debug|x64
		{D3561E8E-0570-49A9-AE19-0C5CCB4AABA4}.Debug|x64.Build.0 = Debug|x64
		{D3561E8E-0570-49A9-AE19-0C5CCB4AABA4}.Debug|x86.ActiveCfg = Debug|Win32
		{D3561E8E-0570-49A9-AE19-0C5CCB4AABA4}.Debug|x86.Build.0 = Debug|Win32
		{D3561E8E-0570-49A9-AE19-0C5CCB4AABA4}.Release|x64.ActiveCfg = Release|x64
		{D3561E8E-0570-49A9-AE19-0C5CCB4AABA4}.Release|x64.Build.0 = Release|x64
		{D3561E8E-0570-49A9-AE19-0C5CCB4AABA4}.Release|x86.ActiveCfg = Release|Win32
		{D3561E8E-0570-49A9-AE19-0C5CCB4AABA4}.Release|x86.Build.0 = Release|Win32
		{4DE3DB4E-6854-494F-A546-95DA9DE2B908}.Debug|x64.ActiveCfg = Debug|x64
		{4DE3DB4E-6854-494F-A546-95DA9DE2B908}.Debug|x64.Build.0 = Debug|x64
		{4DE3DB4E-6854-494F-A546-95DA9DE2B908}.Debug|x86.ActiveCfg = Debug|Win32
		{4DE3DB4E-6854-494F-A546-95DA9DE2B908}.Debug|x86.Build.0 = Debug|Win32
		{4DE3DB4E-6854-494F-A546-95DA9DE2B908}.Release|x64.ActiveCfg = Release|x64
		{4DE3DB4E-6854-494F-A546-95DA9DE2B908}.Release|x64.Build.0 = Release|x64
		{4DE3DB4E-6854-494F-A546-95DA9DE2B908}.Release|x86.ActiveCfg = Release|Win32
		{4DE3DB4E-6854-494F-A546-95DA9DE2B908}.Release|x86.Build.0 = Release|Win32
		{BFFEE79A-AEEB-4C31-A5B1-414E9551F242}.Debug|x64.ActiveCfg = Debug|x64
		{BFFEE79A-AEEB-4C31-A5B1-414E9551F242}.Debug|x64.Build.0 = Debug|x64
		{BFFEE79A-AEEB-4C31-A5B1-414E9551F242}.Debug|x86.ActiveCfg = Debug|Win32
		{BFFEE79A-AEEB-4C31-A5B1-414E9551F242}.Debug|x86.Build.0 = Debug|Win32
		{BFFEE79A-AEEB-4C31-A5B1-414E9551F242}.Release|x64.ActiveCfg = Release|x64
		{BFFEE79A-AEEB-4C31-A5B1-414E9551F242}.Release|x64.Build.0 = Release|x64
		{BFFEE79A-AEEB-4C31-A5B1-414E9551F242}.Release|x86.ActiveCfg = Release|Win32
		{BFFEE79A-AEEB-4C31-A5B1-414E9551F242}.Release|x86.Build.0 = Release|Win32
		{07784E5E-69F4-4518-B4AF-23C1C16C31B6}.Debug|x64.ActiveCfg = Debug|x64
		{07784E5E-69F4-4518-B4AF-23C1C16C31B6}.Debug|x64.Build.0 = Debug|x64
		{07784E5E-69F4-4518-B4AF-23C1C16C31B6}.Debug|x86.ActiveCfg = Debug|Win32
		{07784E5E-69F4-4518-B4AF-23C1C16C31B6}.Debug|x86.Build.0 = Debug|Win32
		{07784E5E-69F4-4518-B4AF-23C1C16C31B6}.Release|x64.ActiveCfg = Release|x64
		{07784E5E-69F4-4518-B4AF-23C1C16C31B6}.Release|x64.Build.0 = Release|x64
		{07784E5E-69F4-4518-B4AF-23C1C16C31B6}.Release|x86.ActiveCfg = Release|Win32
		{07784E5E-69F4-4518-B4AF-23C1C16C31B6}.Release|x86.Build.0 = Release|Win32
		{760C45E9-1D1E-41C1-8EDC-0FE54EEC5F2C}.Debug|x64.ActiveCfg = Debug|x64
		{760C45E9-1D1E-41C1-8EDC-0FE54EEC5F2C}.Debug|x64.Build.0 = Debug|x64
		{760C45E9-1D1E-41C1-8EDC-0FE54EEC5F2C}.Debug|x86.ActiveCfg = Debug|Win32
		{760C45E9-1D1E-41C1-8EDC-0FE54EEC5F2C}.Debug|x86.Build.0 = Debug|Win32
		{760C45E9-1D1E-41C1-8EDC-0FE54EEC5F2C}.Release|x64.ActiveCfg = Release|x64
		{760C45E9-1D1E-41C1-8EDC-0FE54EEC5F2C}.Release|x64.Build.0 = Release|x64
		{760C45E9-1D1E-41C1-8EDC-0FE54EEC5F2C}.Release|x86.ActiveCfg = Release|Win32
		{760C45E9-1D1E-41C1-8EDC-0FE54EEC5F2C}.Release|x86.Build.0 = Release|Win32
		{D371EF05-8822-405C-AC18-70F1ED7010A1}.Debug|x64.ActiveCfg = Debug|x64
		{D371EF05-8822-405C-AC18-70F1ED7010A1}.Debug|x64.Build.0 = Debug|x64
		{D371EF05-8822-405C-AC18-70F1ED7010A1}.Debug|x86.ActiveCfg = Debug|Win32
		{D371EF05-8822-405C-AC18-70F1ED7010A1}.Debug|x86.Build.0 = Debug|Win32
		{D371EF05-8822-405C-AC18-70F1ED7010A1}.Release|x64.ActiveCfg = Release|x64
		{D371EF05-8822-405C-AC18-70F1ED7010A1}.Release|x64.Build.0 = Release|x64
		{D371EF05-8822-405C-AC18-70F1ED7010A1}.Release|x86.ActiveCfg = Release|Win32
		{D371EF05-8822-405C-AC18-70F1ED7010A1}.Release|x86.Build.0 = Release|Win32
		{9D136D7F-0175-4CB2-8E79-1128D4EE1AC0}.Debug|x64.ActiveCfg = Debug|x64
		{9D136D7F-0175-4CB2-8E79-1128D4EE1AC0}.Debug|x64.Build.0 = Debug|x64
		{9D136D7F-0175-4CB2-8E79-1128D4EE1AC0}.Debug|x86.ActiveCfg = Debug|Win32
		{9D136D7F-0175-4CB2-8E79-1128D4EE1AC0}.Debug|x86.Build.0 = Debug|Win32
		{9D136D7F-0175-4CB2-8E79-1128D4EE1AC0}.Release|x64.ActiveCfg = Release|x64
		{9D136D7F-0175-4CB2-8E79-1128D4EE1AC0}.Release|x64.Build.0 = Release|x64
		{9D136D7F-0175-4CB2-8E79-1128D4EE1AC0}.Release|x86.ActiveCfg = Release|Win32
		{9D136D7F-0175-4CB2-8E79-1128D4EE1AC0}.Release|x86.Build.0 = Release|Win32
		{FFE0C764-8BEF-440A-B871-2846E1F25093}.Debug|x64.ActiveCfg = Debug|x64
		{FFE0C764-8BEF-440A-B871-2846E1F25093}.Debug|x64.Build.0 = Debug|x64
		{FFE0C764-8BEF-440A-B871-2846E1F25093}.Debug|x86.ActiveCfg = Debug|Win32
		{FFE0C764-8BEF-440A-B871-2846E1F25093}.Debug|x86.Build.0 = Debug|Win32
		{FFE0C764-8BEF-440A-B871-2846E1F25093}.Release|x64.ActiveCfg = Release|x64
		{FFE0C764-8BEF-440A-B871-2846E1F25093}.Release|x64.Build.0 = Release|x64
		{FFE0C764-8BEF-440A-B871-2846E1F25093}.Release|x86.ActiveCfg = Release|Win32
		{FFE0C764-8BEF-440A-B871-2846E1F25093}.Release|x86.Build.0 = Release|Win32
		{B98A2AE8-F1AE-45FE-9A21-90B38120DB29}.Debug|x64.ActiveCfg = Debug|x64
		{B98A2AE8-F1AE-45FE-9A21-90B38120DB29}.Debug|x64.Build.0 = Debug|x64
		{B98A2AE8-F1AE-45FE-9A21-90B38120DB29}.Debug|x86.ActiveCfg = Debug|Win32
		{B98A2AE8-F1AE-45FE-9A21-90B38120DB29}.Debug|x86.Build.0 = Debug|Win32
		{B98A2AE8-F1AE-45FE-9A21-90B38120DB29}.Release|x64.ActiveCfg = Release|x64
		{B98A2AE8-F1AE-45FE-9A21-90B38120DB29}.Release|x64.Build.0 = Release|x64
		{B98A2AE8-F1AE-45FE-9A21-90B38120DB29}.Release|x86.ActiveCfg = Release|Win32
		{B98A2AE8-F1AE-45FE-9A21-90B38120DB29}.Release|x86.Build.0 = Release|Win32
		{DE14FDBE-0E47-4312-8BF6-3FFE34AA9FA6}.Debug|x64.ActiveCfg = Debug|x64
		{DE14FDBE-0E47-4312-8BF6-3FFE34AA9FA6}.Debug|x64.Build.0 = Debug|x64
		{DE14FDBE-0E47-4312-8BF6-3FFE34AA9FA6}.Debug|x86.ActiveCfg = Debug|Win32
		{DE14FDBE-0E47-4312-8BF6-3FFE34AA9FA6}.Debug|x86.Build.0 = Debug|Win32
		{DE14FDBE-0E47-4312-8BF6-3FFE34AA9FA6}.Release|x64.ActiveCfg = Release|x64
		{DE14FDBE-0E47-4312-8BF6-3FFE34AA9FA6}.Release|x64.Build.0 = Release|x64
		{DE14FDBE-0E47-4312-8BF6-3FFE34AA9FA6}.Release|x86.ActiveCfg = Release|Win32
		{DE14FDBE-0E47-4312-8BF6-3FFE34AA9FA6}.Release|x86.Build.0 = Release|Win32
		{32C6E9EE-D047-44A3-A2EB-E9F41E50D275}.Debug|x64.ActiveCfg = Debug|x64
		{32C6E9EE-D047-44A3-A2EB-E9F41E50D275}.Debug|x64.Build.0 = Debug|x64
		{32C6E9EE-D047-44A3-A2EB-E9F41E50D275}.Debug|x86.ActiveCfg = Debug|Win32
		{32C6E9EE-D047-44A3-A2EB-E9F41E50D275}.Debug|x86.Build.0 = Debug|Win32
		{32C6E9EE-D047-44A3-A2EB-E9F41E50D275}.Release|x64.ActiveCfg = Release|x64
		{32C6E9EE-D047-44A3-A2EB-E9F41E50D275}.Release|x64.Build.0 = Release|x64
		{32C6E9EE-D047-44A3-A2EB-E9F41E50D275}.Release|x86.ActiveCfg = Release|Win32
		{32C6E9EE-D047-44A3-A2EB-E9F41E50D275}.Release|x86.Build.0 = Release|Win32
		{684A17BA-6B52-4FF2-A5A8-F3E165C91E84}.Debug|x64.ActiveCfg = Debug|x64
		{684A17BA-6B52-4FF2-A5A8-F3E165C91E84}.Debug|x64.Build.0 = Debug|x64
		{684A17BA-6B52-4FF2-A5A8-F3E165C91E84}.Debug|x86.ActiveCfg = Debug|Win32
		{684A17BA-6B52-4FF2-A5A8-F3E165C91E84}.Debug|x86.Build.0 = Debug|Win32
		{684A17BA-6B52-4FF2-A5A8-F3E165C91E84}.Release|x64.ActiveCfg = Release|x64
		{684A17BA-6B52-4FF2-A5A8-F3E165C91E84}.Release|x64.Build.0 = Release|x64
		{684A17BA-6B52-4FF2-A5A8-F3E165C91E84}.Release|x86.ActiveCfg = Release|Win32
		{684A17BA-6B52-4FF2-A5A8-F3E165C91E84}.Release|x86.Build.0 = Release|Win32
		{821683F4-DA3B-4D53-BC6E-ED427236AEAE}.Debug|x64.ActiveCfg = Debug|x64
		{821683F4-DA3B-4D53-BC6E-ED427236AEAE}.Debug|x64.Build.0 = Debug|x64
		{821683F4-DA3B-4D53-BC6E-ED427236AEAE}.Debug|x86.ActiveCfg = Debug|Win32
		{821683F4-DA3B-4D53-BC6E-ED427236AEAE}.Debug|x86.Build.0 = Debug|Win32
		{821683F4-DA3B-4D53-BC6E-ED427236AEAE}.Release|x64.ActiveCfg = Release|x64
		{821683F4-DA3B-4D53-BC6E-ED427236AEAE}.Release|x64.Build.0 = Release|x64
		{821683F4-DA3B-4D53-BC6E-ED427236AEAE}.Release|x86.ActiveCfg = Release|Win32
		{821683F4-DA3B-4D53-BC6E-ED427236AEAE}.Release|x86.Build.0 = Release|Win32
		{C29984C1-A1CF-4A7D-9E45-475E02C42E49}.Debug|x64.ActiveCfg = Debug|x64
		{C29984C1-A1CF-4A7D-9E45-475E02C42E49}.Debug|x64.Build.0 = Debug|x64
		{C29984C1-A1CF-4A7D-9E45-475E02C42E49}.Debug|x86.ActiveCfg = Debug|Win32
		{C29984C1-A1CF-4A7D-9E45-475E02C42E49}.Debug|x86.Build.0 = Debug|Win32
		{C29984C1-A1CF-4A7D-9E45-475E02C42E49}.Release|x64.ActiveCfg = Release|x64
		{C29984C1-A1CF-4A7D-9E45-475E02C42E49}.Release|x64.Build.0 = Release|x64
		{C29984C1-A1CF-4A7D-9E45-475E02C42E49}.Release|x86.ActiveCfg = Release|Win32
		{C29984C1-A1CF-4A7D-9E45-475E02C42E49}.Release|x86.Build.0 = Release|Win32
		{4672E8B2-9E7D-4770-811A-05A53580B277}.Debug|x64.ActiveCfg = Debug|x64
		{4672E8B2-9E7D-4770-811A-05A53580B277}.Debug|x64.Build.0 = Debug|x64
		{4672E8B2-9E7D-4770-811A-05A53580B277}.Debug|x86.ActiveCfg = Debug|Win32
		{4672E8B2-9E7D-4770-811A-05A53580B277}.Debug|x86.Build.0 = Debug|Win32
		{4672E8B2-9E7D-4770-811A-05A53580B277}.Release|x64.ActiveCfg = Release|x64
		{4672E8B2-9E7D-4770-811A-05A53580B277}.Release|x64.Build.0 = Release|x64
		{4672E8B2-9E7D-4770-811A-05A53580B277}.Release|x86.ActiveCfg = Release|Win32
		{4672E8B2-9E7D-4770-811A-05A53580B277}.Release|x86.Build.0 = Release|Win32
		{DF5DDED3-39A0-4DB6-96E0-97F065A75BA7}.Debug|x64.ActiveCfg = Debug|x64
		{DF5DDED3-39A0-4DB6-96E0-97F065A75BA7}.Debug|x64.Build.0 = Debug|x64
		{DF5DDED3-39A0-4DB6-96E0-97F065A75BA7}.Debug|x86.ActiveCfg = Debug|Win32
		{DF5DDED3-39A0-4DB6-96E0-97F065A75BA7}.Debug|x86.Build.0 = Debug|Win32
		{DF5DDED3-39A0-4DB6-96E0-97F065A75BA7}.Release|x64.ActiveCfg = Release|x64
		{DF5DDED3-39A0-4DB6-96E0-97F065A75BA7}.Release|x64.Build.0 = Release|x64
		{DF5DDED3-39A0-4DB6-96E0-97F065A75BA7}.Release|x86.ActiveCfg = Release|Win32
		{DF5DDED3-39A0-4DB6-96E0-97F065A75BA7}.Release|x86.Build.0 = Release|Win32
		{D315E0C1-7D5A-4D49-8ABD-674959D17CAE}.Debug|x64.ActiveCfg = Debug|x64
		{D315E0C1-7D5A-4D49-8ABD-674959D17CAE}.Debug|x64.Build.0 = Debug|x64
		{D315E0C1-7D5A-4D49-8ABD-674959D17CAE}.Debug|x86.ActiveCfg = Debug|Win32
		{D315E0C1-7D5A-4D49-8ABD-674959D17CAE}.Debug|x86.Build.0 = Debug|Win32
		{D315E0C1-7D5A-4D49-8ABD-674959D17CAE}.Release|x64.ActiveCfg = Release|x64
		{D315E0C1-7D5A-4D49-8ABD-674959D17CAE}.Release|x64.Build.0 = Release|x64
		{D315E0C1-7D5A-4D49-8ABD-674959D17CAE}.Release|x86.ActiveCfg = Release|Win32
		{D315E0C1-7D5A-4D49-8ABD-674959D17CAE}.Release|x86.Build.0 = Release|Win32
		{69AFE452-9EFE-43B6-9E15-0078C44DC471}.Debug|x64.ActiveCfg = Debug|x64
		{69AFE452-9EFE-43B6-9E15-0078C44DC471}.Debug|x64.Build.0 = Debug|x64
		{69AFE452-9EFE-43B6-9E15-0078C44DC471}.Debug|x86.ActiveCfg = Debug|Win32
		{69AFE452-9EFE-43B6-9E15-0078C44DC471}.Debug|x86.Build.0 = Debug|Win32
		{69AFE452-9EFE-43B6-9E15-0078C44DC471}.Release|x64.ActiveCfg = Release|x64
		{69AFE452-9EFE-43B6-9E15-0078C44DC471}.Release|x64.Build.0 = Release|x64
		{69AFE452-9EFE-43B6-9E15-0078C44DC471}.Release|x86.ActiveCfg = Release|Win32
		{69AFE452-9EFE-43B6-9E15-0078C44DC471}.Release|x86.Build.0 = Release|Win32
		{763783CC-C541-420F-8878-7EF1A06B92A8}.Debug|x64.ActiveCfg = Debug|x64
		{763783CC-C541-420F-8878-7EF1A06B92A8}.Debug|x64.Build.0 = Debug|x64
		{763783CC-C541-420F-8878-7EF1A06B92A8}.Debug|x86.ActiveCfg = Debug|Win32
		{763783CC-C541-420F-8878-7EF1A06B92A8}.Debug|x86.Build.0 = Debug|Win32
		{763783CC-C541-420F-8878-7EF1A06B92A8}.Release|x64.ActiveCfg = Release|x64
		{763783CC-C541-420F-8878-7EF1A06B92A8}.Release|x64.Build.0 = Release|x64
		{763783CC-C541-420F-8878-7EF1A06B92A8}.Release|x86.ActiveCfg = Release|Win32
		{763783CC-C541-420F-8878-7EF1A06B92A8}.Release|x86.Build.0 = Release|Win32
		{0377C17B-7236-4B2E-A1C7-E10D9A8DF093}.Debug|x64.ActiveCfg = Debug|x64
		{0377C17B-7236-4B2E-A1C7-E10D9A8DF093}.Debug|x64.Build.0 = Debug|x64
		{0377C17B-7236-4B2E-A1C7-E10D9A8DF093}.Debug|x86.ActiveCfg = Debug|Win32
		{0377C17B-7236-4B2E-A1C7-E10D9A8DF093}.Debug|x86.Build.0 = Debug|Win32
		{0377C17B-7236-4B2E-A1C7-E10D9A8DF093}.Release|x64.ActiveCfg = Release|x64
		{0377C17B-7236-4B2E-A1C7-E10D9A8DF093}.Release|x64.Build.0 = Release|x64
		{0377C17B-7236-4B2E-A1C7-E10D9A8DF093}.Release|x86.ActiveCfg = Release|Win32
		{0377C17B-7236-4B2E-A1C7-E10D9A8DF093}.Release|x86.Build.0 = Release|Win32
		{D7B615E7-1569-48E3-A7E6-3AAB9AF10D4B}.Debug|x64.ActiveCfg = Debug|x64
		{D7B615E7-1569-48E3-A7E6-3AAB9AF10D4B}.Debug|x64.Build.0 = Debug|x64
		{D7B615E7-1569-48E3-A7E6-3AAB9AF10D4B}.Debug|x86.ActiveCfg = Debug|Win32
		{D7B615E7-1569-48E3-A7E6-3AAB9AF10D4B}.Debug|x86.Build.0 = Debug|Win32
		{D7B615E7-1569-48E3-A7E6-3AAB9AF10D4B}.Release|x64.ActiveCfg = Release|x64
		{D7B615E7-1569-48E3-A7E6-3AAB9AF10D4B}.Release|x64.Build.0 = Release|x64
		{D7B615E7-1569-48E3-A7E6-3AAB9AF10D4B}.Release|x86.ActiveCfg = Release|Win32
		{D7B615E7-1569-48E3-A7E6-3AAB9AF10D4B}.Release|x86.Build.0 = Release|Win32
		{738D61A2-8423-4128-A31A-01FBA89B90ED}.Debug|x64.ActiveCfg = Debug|x64
		{738D61A2-8423-4128-A31A-01FBA89B90ED}.Debug|x64.Build.0 = Debug|x64
		{738D61A2-8423-4128-A31A-01FBA89B90ED}.Debug|x86.ActiveCfg = Debug|Win32
		{738D61A2-8423-4128-A31A-01FBA89B90ED}.Debug|x86.Build.0 = Debug|Win32
		{738D61A2-8423-4128-A31A-01FBA89B90ED}.Release|x64.ActiveCfg = Release|x64
		{738D61A2-8423-4128-A31A-01FBA89B90ED}.Release|x64.Build.0 = Release|x64
		{738D61A2-8423-4128-A31A-01FBA89B90ED}.Release|x86.ActiveCfg = Release|Win32
		{738D61A2-8423-4128-A31A-01FBA89B90ED}.Release|x86.Build.0 = Release|Win32
		{1939139B-E85E-43FD-9591-4B33BF8B7A7F}.Debug|x64.ActiveCfg = Debug|x64
		{1939139B-E85E-43FD-9591-4B33BF8B7A7F}.Debug|x64.Build.0 = Debug|x64
		{1939139B-E85E-43FD-9591-4B33BF8B7A7F}.Debug|x86.ActiveCfg = Debug|Win32
		{1939139B-E85E-43FD-9591-4B33BF8B7A7F}.Debug|x86.Build.0 = Debug|Win32
		{1939139B-E85E-43FD-9591-4B33BF8B7A7F}.Release|x64.ActiveCfg = Release|x64
		{1939139B-E85E-43FD-9591-4B33BF8B7A7F}.Release|x64.Build.0 = Release|x64
		{1939139B-E85E-43FD-9591-4B33BF8B7A7F}.Release|x86.ActiveCfg = Release|Win32
		{1939139B-E85E-43FD-9591-4B33BF8B7A7F}.Release|x86.Build.0 = Release|Win32
		{B981CCFD-E839-4DE3-A6BC-E2C924061E8E}.Debug|x64.ActiveCfg = Debug|x64
		{B981CCFD-E839-4DE3-A6BC-E2C924061E8E}.Debug|x64.Build.0 = Debug|x64
		{B981CCFD-E839-4DE3-A6BC-E2C924061E8E}.Debug|x86.ActiveCfg = Debug|Win32
		{B981CCFD-E839-4DE3-A6BC-E2C924061E8E}.Debug|x86.Build.0 = Debug|Win32
		{B981CCFD-E839-4DE3-A6BC-E2C924061E8E}.Release|x64.ActiveCfg = Release|x64
		{B981CCFD-E839-4DE3-A6BC-E2C924061E8E}.Release|x64.Build.0 = Release|x64
		{B981CCFD-E839-4DE3-A6BC-E2C924061E8E}.Release|x86.ActiveCfg = Release|Win32
		{B981CCFD-E839-4DE3-A6BC-E2C924061E8E}.Release|x86.Build.0 = Release|Win32
		{D7E9DD2E-F797-449C-8412-4F06BF7FC2D5}.Debug|x64.ActiveCfg = Debug|x64
		{D7E9DD2E-F797-449C-8412-4F06BF7FC2D5}.Debug|x64.Build.0 = Debug|x64
		{D7E9DD2E-F797-449C-8412-4F06BF7FC2D5}.Debug|x86.ActiveCfg = Debug|Win32
		{D7E9DD2E-F797-449C-8412-4F06BF7FC2D5}.Debug|x86.Build.0 = Debug|Win32
		{D7E9DD2E-F797-449C-8412-4F06BF7FC2D5}.Release|x64.ActiveCfg = Release|x64
		{D7E9DD2E-F797-449C-8412-4F06BF7FC2D5}.Release|x64.Build.0 = Release|x64
		{D7E9DD2E-F797-449C-8412-4F06BF7FC2D5}.Release|x86.ActiveCfg = Release|Win32
		{D7E9DD2E-F797-449C-8412-4F06BF7FC2D5}.Release|x86.Build.0 = Release|Win32
		{3C5169B9-B119-4186-868A-C71313B159D6}.Debug|x64.ActiveCfg = Debug|x64
		{3C5169B9-B119-4186-868A-C71313B159D6}.Debug|x64.Build.0 = Debug|x64
		{3C5169B9-B119-4186-868A-C71313B159D6}.Debug|x86.ActiveCfg = Debug|Win32
		{3C5169B9-B119-4186-868A-C71313B159D6}.Debug|x86.Build.0 = Debug|Win32
		{3C5169B9-B119-4186-868A-C71313B159D6}.Release|x64.ActiveCfg = Release|x64
		{3C5169B9-B119-4186-868A-C71313B159D6}.Release|x64.Build.0 = Release|x64
		{3C5169B9-B119-4186-868A-C71313B159D6}.Release|x86.ActiveCfg = Release|Win32
		{3C5169B9-B119-4186-868A-C71313B159D6}.Release|x86.Build.0 = Release|Win32
		{98BA356F-0A2F-43F6-A83C-BED498907EE6}.Debug|x64.ActiveCfg = Debug|x64
		{98BA356F-0A2F-43F6-A83C-BED498907EE6}.Debug|x64.Build.0 = Debug|x64
		{98BA356F-0A2F-43F6-A83C-BED498907EE6}.Debug|x86.ActiveCfg = Debug|Win32
		{98BA356F-0A2F-43F6-A83C-BED498907EE6}.Debug|x86.Build.0 = Debug|Win32
		{98BA356F-0A2F-43F6-A83C-BED498907EE6}.Release|x64.ActiveCfg = Release|x64
		{98BA356F-0A2F-43F6-A83C-BED498907EE6}.Release|x64.Build.0 = Release|x64
		{98BA356F-0A2F-43F6-A83C-BED498907EE6}.Release|x86.ActiveCfg = Release|Win32
		{98BA356F-0A2F-43F6-A83C-BED498907EE6}.Release|x86.Build.0 = Release|Win32
		{A512A0F1-3C8E-4AE3-AEFD-7EA4AF486591}.Debug|x64.ActiveCfg = Debug|x64
		{A512A0F1-3C8E-4AE3-AEFD-7EA4AF486591}.Debug|x64.Build.0 = Debug|x64
		{A512A0F1-3C8E-4AE3-AEFD-7EA4AF486591}.Debug|x86.ActiveCfg = Debug|Win32
		{A512A0F1-3C8E-4AE3-AEFD-7EA4AF486591}.Debug|x86.Build.0 = Debug|Win32
		{A512A0F1-3C8E-4AE3-AEFD-7EA4AF486591}.Release|x64.ActiveCfg = Release|x64
		{A512A0F1-3C8E-4AE3-AEFD-7EA4AF486591}.Release|x64.Build.0 = Release|x64
		{A512A0F1-3C8E-4AE3-AEFD-7EA4AF486591}.Release|x86.ActiveCfg = Release|Win32
		{A512A0F1-3C8E-4AE3-AEFD-7EA4AF486591}.Release|x86.Build.0 = Release|Win32
		{081F4283-A151-4BDC-8661-49FA09BB6EEF}.Debug|x64.ActiveCfg = Debug|x64
		{081F4283-A151-4BDC-8661-49FA09BB6EEF}.Debug|x64.Build.0 = Debug|x64
		{081F4283-A151-4BDC-8661-49FA09BB6EEF}.Debug|x86.ActiveCfg = Debug|Win32
		{081F4283-A151-4BDC-8661-49FA09BB6EEF}.Debug|x86.Build.0 = Debug|Win32
		{081F4283-A151-4BDC-8661-49FA09BB6EEF}.Release|x64.ActiveCfg = Release|x64
		{081F4283-A151-4BDC-8661-49FA09BB6EEF}.Release|x64.Build.0 = Release|x64
		{081F4283-A151-4BDC-8661-49FA09BB6EEF}.Release|x86.ActiveCfg = Release|Win32
		{081F4283-A151-4BDC-8661-49FA09BB6EEF}.Release|x86.Build.0 = Release|Win32
		{EC189CC6-4B8B-475E-AC02-7417D5BAA05B}.Debug|x64.ActiveCfg = Debug|x64
		{EC189CC6-4B8B-475E-AC02-7417D5BAA05B}.Debug|x64.Build.0 = Debug|x64
		{EC189CC6-4B8B-475E-AC02-7417D5BAA05B}.Debug|x86.ActiveCfg = Debug|Win32
		{EC189CC6-4B8B-475E-AC02-7417D5BAA05B}.Debug|x86.Build.0 = Debug|Win32
		{EC189CC6-4B8B-475E-AC02-7417D5BAA05B}.Release|x64.ActiveCfg = Release|x64
		{EC189CC6-4B8B-475E-AC02-7417D5BAA05B}.Release|x64.Build.0 = Release|x64
		{EC189CC6-4B8B-475E-AC02-7417D5BAA05B}.Release|x86.ActiveCfg = Release|Win32
		{EC189CC6-4B8B-475E-AC02-7417D5BAA05B}.Release|x86.Build.0 = Release|Win32
	EndGlobalSection
	GlobalSection(SolutionProperties) = preSolution
		HideSolutionNode = FALSE
	EndGlobalSection
	GlobalSection(ExtensibilityGlobals) = postSolution
		SolutionGuid = {1BC52E76-B971-4A7E-9914-DECC21B68C38}
	EndGlobalSection
EndGlobal
